Microsoft Visual Studio Solution File, Format Version 12.00
# Visual Studio 2013
VisualStudioVersion = 12.0.30501.0
MinimumVisualStudioVersion = 10.0.40219.1
Project("{8BC9CEB8-8B4A-11D0-8D11-00A0C91BC942}") = "KMDFCudaLogger", "KMDFCudaLogger\KMDFCudaLogger.vcxproj", "{0A335985-3CC1-4358-BE35-185A57D7F931}"
EndProject
Project("{8BC9CEB8-8B4A-11D0-8D11-00A0C91BC942}") = "KMDFCudaLogger Package", "KMDFCudaLogger Package\KMDFCudaLogger Package.vcxproj", "{8D9678EB-0A0A-4D1F-956F-ADDB488790D2}"
	ProjectSection(ProjectDependencies) = postProject
		{0A335985-3CC1-4358-BE35-185A57D7F931} = {0A335985-3CC1-4358-BE35-185A57D7F931}
	EndProjectSection
EndProject
Project("{8BC9CEB8-8B4A-11D0-8D11-00A0C91BC942}") = "ConsoleApplication2", "ConsoleApplication2\ConsoleApplication2.vcxproj", "{3E599E45-8C53-4F7A-B5F1-9FFC00591295}"
EndProject
Project("{8BC9CEB8-8B4A-11D0-8D11-00A0C91BC942}") = "MemoryProber", "MemoryProber\MemoryProber.vcxproj", "{344897C3-A242-4176-AF05-D0ED8DB7C269}"
EndProject
Project("{8BC9CEB8-8B4A-11D0-8D11-00A0C91BC942}") = "SharedStructures", "SharedStructures\SharedStructures.vcxproj", "{2ADFF254-F976-4245-AE4C-4D3C4DDB1929}"
EndProject
Global
	GlobalSection(SolutionConfigurationPlatforms) = preSolution
		Debug|Win32 = Debug|Win32
		Debug|x64 = Debug|x64
		Release_sneezy|Win32 = Release_sneezy|Win32
		Release_sneezy|x64 = Release_sneezy|x64
		Release|Win32 = Release|Win32
		Release|x64 = Release|x64
		Win7 Debug|Win32 = Win7 Debug|Win32
		Win7 Debug|x64 = Win7 Debug|x64
		Win7 Release|Win32 = Win7 Release|Win32
		Win7 Release|x64 = Win7 Release|x64
		Win8 Debug|Win32 = Win8 Debug|Win32
		Win8 Debug|x64 = Win8 Debug|x64
		Win8 Release|Win32 = Win8 Release|Win32
		Win8 Release|x64 = Win8 Release|x64
		Win8.1 Debug|Win32 = Win8.1 Debug|Win32
		Win8.1 Debug|x64 = Win8.1 Debug|x64
		Win8.1 Release|Win32 = Win8.1 Release|Win32
		Win8.1 Release|x64 = Win8.1 Release|x64
	EndGlobalSection
	GlobalSection(ProjectConfigurationPlatforms) = postSolution
		{0A335985-3CC1-4358-BE35-185A57D7F931}.Debug|Win32.ActiveCfg = Win8.1 Debug|Win32
		{0A335985-3CC1-4358-BE35-185A57D7F931}.Debug|Win32.Build.0 = Win8.1 Debug|Win32
		{0A335985-3CC1-4358-BE35-185A57D7F931}.Debug|x64.ActiveCfg = Win8.1 Debug|x64
		{0A335985-3CC1-4358-BE35-185A57D7F931}.Debug|x64.Build.0 = Win8.1 Debug|x64
		{0A335985-3CC1-4358-BE35-185A57D7F931}.Debug|x64.Deploy.0 = Win8.1 Debug|x64
		{0A335985-3CC1-4358-BE35-185A57D7F931}.Release_sneezy|Win32.ActiveCfg = Win8.1 Release|Win32
		{0A335985-3CC1-4358-BE35-185A57D7F931}.Release_sneezy|Win32.Build.0 = Win8.1 Release|Win32
		{0A335985-3CC1-4358-BE35-185A57D7F931}.Release_sneezy|Win32.Deploy.0 = Win8.1 Release|Win32
		{0A335985-3CC1-4358-BE35-185A57D7F931}.Release_sneezy|x64.ActiveCfg = Win8 Release|x64
		{0A335985-3CC1-4358-BE35-185A57D7F931}.Release_sneezy|x64.Build.0 = Win8 Release|x64
		{0A335985-3CC1-4358-BE35-185A57D7F931}.Release_sneezy|x64.Deploy.0 = Win8 Release|x64
		{0A335985-3CC1-4358-BE35-185A57D7F931}.Release|Win32.ActiveCfg = Win8.1 Debug|Win32
		{0A335985-3CC1-4358-BE35-185A57D7F931}.Release|Win32.Build.0 = Win8.1 Debug|Win32
		{0A335985-3CC1-4358-BE35-185A57D7F931}.Release|x64.ActiveCfg = Win8.1 Release|x64
		{0A335985-3CC1-4358-BE35-185A57D7F931}.Release|x64.Build.0 = Win8.1 Release|x64
		{0A335985-3CC1-4358-BE35-185A57D7F931}.Release|x64.Deploy.0 = Win8.1 Release|x64
		{0A335985-3CC1-4358-BE35-185A57D7F931}.Win7 Debug|Win32.ActiveCfg = Win7 Debug|Win32
		{0A335985-3CC1-4358-BE35-185A57D7F931}.Win7 Debug|Win32.Build.0 = Win7 Debug|Win32
		{0A335985-3CC1-4358-BE35-185A57D7F931}.Win7 Debug|x64.ActiveCfg = Win7 Debug|x64
		{0A335985-3CC1-4358-BE35-185A57D7F931}.Win7 Debug|x64.Build.0 = Win7 Debug|x64
		{0A335985-3CC1-4358-BE35-185A57D7F931}.Win7 Release|Win32.ActiveCfg = Win7 Release|Win32
		{0A335985-3CC1-4358-BE35-185A57D7F931}.Win7 Release|Win32.Build.0 = Win7 Release|Win32
		{0A335985-3CC1-4358-BE35-185A57D7F931}.Win7 Release|x64.ActiveCfg = Win7 Release|x64
		{0A335985-3CC1-4358-BE35-185A57D7F931}.Win7 Release|x64.Build.0 = Win7 Release|x64
		{0A335985-3CC1-4358-BE35-185A57D7F931}.Win8 Debug|Win32.ActiveCfg = Win8 Debug|Win32
		{0A335985-3CC1-4358-BE35-185A57D7F931}.Win8 Debug|Win32.Build.0 = Win8 Debug|Win32
		{0A335985-3CC1-4358-BE35-185A57D7F931}.Win8 Debug|x64.ActiveCfg = Win8 Debug|x64
		{0A335985-3CC1-4358-BE35-185A57D7F931}.Win8 Debug|x64.Build.0 = Win8 Debug|x64
		{0A335985-3CC1-4358-BE35-185A57D7F931}.Win8 Release|Win32.ActiveCfg = Win8 Release|Win32
		{0A335985-3CC1-4358-BE35-185A57D7F931}.Win8 Release|Win32.Build.0 = Win8 Release|Win32
		{0A335985-3CC1-4358-BE35-185A57D7F931}.Win8 Release|x64.ActiveCfg = Win8 Release|x64
		{0A335985-3CC1-4358-BE35-185A57D7F931}.Win8 Release|x64.Build.0 = Win8 Release|x64
		{0A335985-3CC1-4358-BE35-185A57D7F931}.Win8.1 Debug|Win32.ActiveCfg = Win8.1 Debug|Win32
		{0A335985-3CC1-4358-BE35-185A57D7F931}.Win8.1 Debug|Win32.Build.0 = Win8.1 Debug|Win32
		{0A335985-3CC1-4358-BE35-185A57D7F931}.Win8.1 Debug|x64.ActiveCfg = Win8.1 Debug|x64
		{0A335985-3CC1-4358-BE35-185A57D7F931}.Win8.1 Debug|x64.Build.0 = Win8.1 Debug|x64
		{0A335985-3CC1-4358-BE35-185A57D7F931}.Win8.1 Release|Win32.ActiveCfg = Win8.1 Release|Win32
		{0A335985-3CC1-4358-BE35-185A57D7F931}.Win8.1 Release|Win32.Build.0 = Win8.1 Release|Win32
		{0A335985-3CC1-4358-BE35-185A57D7F931}.Win8.1 Release|x64.ActiveCfg = Win8.1 Release|x64
		{0A335985-3CC1-4358-BE35-185A57D7F931}.Win8.1 Release|x64.Build.0 = Win8.1 Release|x64
		{8D9678EB-0A0A-4D1F-956F-ADDB488790D2}.Debug|Win32.ActiveCfg = Win8.1 Debug|Win32
		{8D9678EB-0A0A-4D1F-956F-ADDB488790D2}.Debug|Win32.Build.0 = Win8.1 Debug|Win32
		{8D9678EB-0A0A-4D1F-956F-ADDB488790D2}.Debug|x64.ActiveCfg = Win8.1 Debug|x64
		{8D9678EB-0A0A-4D1F-956F-ADDB488790D2}.Debug|x64.Build.0 = Win8.1 Debug|x64
		{8D9678EB-0A0A-4D1F-956F-ADDB488790D2}.Debug|x64.Deploy.0 = Win8.1 Debug|x64
		{8D9678EB-0A0A-4D1F-956F-ADDB488790D2}.Release_sneezy|Win32.ActiveCfg = Win8.1 Release|Win32
		{8D9678EB-0A0A-4D1F-956F-ADDB488790D2}.Release_sneezy|Win32.Build.0 = Win8.1 Release|Win32
		{8D9678EB-0A0A-4D1F-956F-ADDB488790D2}.Release_sneezy|Win32.Deploy.0 = Win8.1 Release|Win32
		{8D9678EB-0A0A-4D1F-956F-ADDB488790D2}.Release_sneezy|x64.ActiveCfg = Win8 Release|x64
		{8D9678EB-0A0A-4D1F-956F-ADDB488790D2}.Release_sneezy|x64.Build.0 = Win8 Release|x64
		{8D9678EB-0A0A-4D1F-956F-ADDB488790D2}.Release_sneezy|x64.Deploy.0 = Win8 Release|x64
		{8D9678EB-0A0A-4D1F-956F-ADDB488790D2}.Release|Win32.ActiveCfg = Win8.1 Debug|Win32
		{8D9678EB-0A0A-4D1F-956F-ADDB488790D2}.Release|Win32.Build.0 = Win8.1 Debug|Win32
		{8D9678EB-0A0A-4D1F-956F-ADDB488790D2}.Release|x64.ActiveCfg = Win8.1 Release|x64
		{8D9678EB-0A0A-4D1F-956F-ADDB488790D2}.Release|x64.Build.0 = Win8.1 Release|x64
		{8D9678EB-0A0A-4D1F-956F-ADDB488790D2}.Release|x64.Deploy.0 = Win8.1 Release|x64
		{8D9678EB-0A0A-4D1F-956F-ADDB488790D2}.Win7 Debug|Win32.ActiveCfg = Win7 Debug|Win32
		{8D9678EB-0A0A-4D1F-956F-ADDB488790D2}.Win7 Debug|Win32.Build.0 = Win7 Debug|Win32
		{8D9678EB-0A0A-4D1F-956F-ADDB488790D2}.Win7 Debug|x64.ActiveCfg = Win7 Debug|x64
		{8D9678EB-0A0A-4D1F-956F-ADDB488790D2}.Win7 Debug|x64.Build.0 = Win7 Debug|x64
		{8D9678EB-0A0A-4D1F-956F-ADDB488790D2}.Win7 Release|Win32.ActiveCfg = Win7 Release|Win32
		{8D9678EB-0A0A-4D1F-956F-ADDB488790D2}.Win7 Release|Win32.Build.0 = Win7 Release|Win32
		{8D9678EB-0A0A-4D1F-956F-ADDB488790D2}.Win7 Release|x64.ActiveCfg = Win7 Release|x64
		{8D9678EB-0A0A-4D1F-956F-ADDB488790D2}.Win7 Release|x64.Build.0 = Win7 Release|x64
		{8D9678EB-0A0A-4D1F-956F-ADDB488790D2}.Win8 Debug|Win32.ActiveCfg = Win8 Debug|Win32
		{8D9678EB-0A0A-4D1F-956F-ADDB488790D2}.Win8 Debug|Win32.Build.0 = Win8 Debug|Win32
		{8D9678EB-0A0A-4D1F-956F-ADDB488790D2}.Win8 Debug|x64.ActiveCfg = Win8 Debug|x64
		{8D9678EB-0A0A-4D1F-956F-ADDB488790D2}.Win8 Debug|x64.Build.0 = Win8 Debug|x64
		{8D9678EB-0A0A-4D1F-956F-ADDB488790D2}.Win8 Release|Win32.ActiveCfg = Win8 Release|Win32
		{8D9678EB-0A0A-4D1F-956F-ADDB488790D2}.Win8 Release|Win32.Build.0 = Win8 Release|Win32
		{8D9678EB-0A0A-4D1F-956F-ADDB488790D2}.Win8 Release|x64.ActiveCfg = Win8 Release|x64
		{8D9678EB-0A0A-4D1F-956F-ADDB488790D2}.Win8 Release|x64.Build.0 = Win8 Release|x64
		{8D9678EB-0A0A-4D1F-956F-ADDB488790D2}.Win8.1 Debug|Win32.ActiveCfg = Win8.1 Debug|Win32
		{8D9678EB-0A0A-4D1F-956F-ADDB488790D2}.Win8.1 Debug|Win32.Build.0 = Win8.1 Debug|Win32
		{8D9678EB-0A0A-4D1F-956F-ADDB488790D2}.Win8.1 Debug|x64.ActiveCfg = Win8.1 Debug|x64
		{8D9678EB-0A0A-4D1F-956F-ADDB488790D2}.Win8.1 Debug|x64.Build.0 = Win8.1 Debug|x64
		{8D9678EB-0A0A-4D1F-956F-ADDB488790D2}.Win8.1 Release|Win32.ActiveCfg = Win8.1 Release|Win32
		{8D9678EB-0A0A-4D1F-956F-ADDB488790D2}.Win8.1 Release|Win32.Build.0 = Win8.1 Release|Win32
		{8D9678EB-0A0A-4D1F-956F-ADDB488790D2}.Win8.1 Release|x64.ActiveCfg = Win8.1 Release|x64
		{8D9678EB-0A0A-4D1F-956F-ADDB488790D2}.Win8.1 Release|x64.Build.0 = Win8.1 Release|x64
		{3E599E45-8C53-4F7A-B5F1-9FFC00591295}.Debug|Win32.ActiveCfg = Debug|Win32
		{3E599E45-8C53-4F7A-B5F1-9FFC00591295}.Debug|Win32.Build.0 = Debug|Win32
		{3E599E45-8C53-4F7A-B5F1-9FFC00591295}.Debug|x64.ActiveCfg = Debug|x64
		{3E599E45-8C53-4F7A-B5F1-9FFC00591295}.Debug|x64.Build.0 = Debug|x64
		{3E599E45-8C53-4F7A-B5F1-9FFC00591295}.Release_sneezy|Win32.ActiveCfg = Release_sneezy|Win32
		{3E599E45-8C53-4F7A-B5F1-9FFC00591295}.Release_sneezy|Win32.Build.0 = Release_sneezy|Win32
		{3E599E45-8C53-4F7A-B5F1-9FFC00591295}.Release_sneezy|Win32.Deploy.0 = Release_sneezy|Win32
		{3E599E45-8C53-4F7A-B5F1-9FFC00591295}.Release_sneezy|x64.ActiveCfg = Release_sneezy|x64
		{3E599E45-8C53-4F7A-B5F1-9FFC00591295}.Release_sneezy|x64.Build.0 = Release_sneezy|x64
		{3E599E45-8C53-4F7A-B5F1-9FFC00591295}.Release_sneezy|x64.Deploy.0 = Release_sneezy|x64
		{3E599E45-8C53-4F7A-B5F1-9FFC00591295}.Release|Win32.ActiveCfg = Release|Win32
		{3E599E45-8C53-4F7A-B5F1-9FFC00591295}.Release|Win32.Build.0 = Release|Win32
		{3E599E45-8C53-4F7A-B5F1-9FFC00591295}.Release|x64.ActiveCfg = Release|x64
		{3E599E45-8C53-4F7A-B5F1-9FFC00591295}.Release|x64.Build.0 = Release|x64
		{3E599E45-8C53-4F7A-B5F1-9FFC00591295}.Win7 Debug|Win32.ActiveCfg = Release_sneezy|Win32
		{3E599E45-8C53-4F7A-B5F1-9FFC00591295}.Win7 Debug|Win32.Build.0 = Release_sneezy|Win32
		{3E599E45-8C53-4F7A-B5F1-9FFC00591295}.Win7 Debug|x64.ActiveCfg = Release|x64
		{3E599E45-8C53-4F7A-B5F1-9FFC00591295}.Win7 Debug|x64.Build.0 = Release|x64
		{3E599E45-8C53-4F7A-B5F1-9FFC00591295}.Win7 Release|Win32.ActiveCfg = Release|Win32
		{3E599E45-8C53-4F7A-B5F1-9FFC00591295}.Win7 Release|Win32.Build.0 = Release|Win32
		{3E599E45-8C53-4F7A-B5F1-9FFC00591295}.Win7 Release|x64.ActiveCfg = Release|x64
		{3E599E45-8C53-4F7A-B5F1-9FFC00591295}.Win7 Release|x64.Build.0 = Release|x64
		{3E599E45-8C53-4F7A-B5F1-9FFC00591295}.Win8 Debug|Win32.ActiveCfg = Debug|Win32
		{3E599E45-8C53-4F7A-B5F1-9FFC00591295}.Win8 Debug|Win32.Build.0 = Debug|Win32
		{3E599E45-8C53-4F7A-B5F1-9FFC00591295}.Win8 Debug|x64.ActiveCfg = Debug|x64
		{3E599E45-8C53-4F7A-B5F1-9FFC00591295}.Win8 Debug|x64.Build.0 = Debug|x64
		{3E599E45-8C53-4F7A-B5F1-9FFC00591295}.Win8 Release|Win32.ActiveCfg = Release|Win32
		{3E599E45-8C53-4F7A-B5F1-9FFC00591295}.Win8 Release|Win32.Build.0 = Release|Win32
		{3E599E45-8C53-4F7A-B5F1-9FFC00591295}.Win8 Release|x64.ActiveCfg = Release|x64
		{3E599E45-8C53-4F7A-B5F1-9FFC00591295}.Win8 Release|x64.Build.0 = Release|x64
		{3E599E45-8C53-4F7A-B5F1-9FFC00591295}.Win8.1 Debug|Win32.ActiveCfg = Debug|Win32
		{3E599E45-8C53-4F7A-B5F1-9FFC00591295}.Win8.1 Debug|Win32.Build.0 = Debug|Win32
		{3E599E45-8C53-4F7A-B5F1-9FFC00591295}.Win8.1 Debug|x64.ActiveCfg = Release|x64
		{3E599E45-8C53-4F7A-B5F1-9FFC00591295}.Win8.1 Debug|x64.Build.0 = Release|x64
		{3E599E45-8C53-4F7A-B5F1-9FFC00591295}.Win8.1 Release|Win32.ActiveCfg = Release|Win32
		{3E599E45-8C53-4F7A-B5F1-9FFC00591295}.Win8.1 Release|Win32.Build.0 = Release|Win32
		{3E599E45-8C53-4F7A-B5F1-9FFC00591295}.Win8.1 Release|x64.ActiveCfg = Release|x64
		{3E599E45-8C53-4F7A-B5F1-9FFC00591295}.Win8.1 Release|x64.Build.0 = Release|x64
		{344897C3-A242-4176-AF05-D0ED8DB7C269}.Debug|Win32.ActiveCfg = Debug|Win32
		{344897C3-A242-4176-AF05-D0ED8DB7C269}.Debug|Win32.Build.0 = Debug|Win32
		{344897C3-A242-4176-AF05-D0ED8DB7C269}.Debug|x64.ActiveCfg = Debug|x64
		{344897C3-A242-4176-AF05-D0ED8DB7C269}.Debug|x64.Build.0 = Debug|x64
		{344897C3-A242-4176-AF05-D0ED8DB7C269}.Release_sneezy|Win32.ActiveCfg = Release|Win32
		{344897C3-A242-4176-AF05-D0ED8DB7C269}.Release_sneezy|Win32.Build.0 = Release|Win32
		{344897C3-A242-4176-AF05-D0ED8DB7C269}.Release_sneezy|Win32.Deploy.0 = Release|Win32
		{344897C3-A242-4176-AF05-D0ED8DB7C269}.Release_sneezy|x64.ActiveCfg = Release|x64
		{344897C3-A242-4176-AF05-D0ED8DB7C269}.Release_sneezy|x64.Build.0 = Release|x64
		{344897C3-A242-4176-AF05-D0ED8DB7C269}.Release_sneezy|x64.Deploy.0 = Release|x64
		{344897C3-A242-4176-AF05-D0ED8DB7C269}.Release|Win32.ActiveCfg = Release|Win32
		{344897C3-A242-4176-AF05-D0ED8DB7C269}.Release|x64.ActiveCfg = Release|x64
		{344897C3-A242-4176-AF05-D0ED8DB7C269}.Release|x64.Build.0 = Release|x64
		{344897C3-A242-4176-AF05-D0ED8DB7C269}.Win7 Debug|Win32.ActiveCfg = Debug|Win32
		{344897C3-A242-4176-AF05-D0ED8DB7C269}.Win7 Debug|Win32.Build.0 = Debug|Win32
		{344897C3-A242-4176-AF05-D0ED8DB7C269}.Win7 Debug|x64.ActiveCfg = Debug|x64
		{344897C3-A242-4176-AF05-D0ED8DB7C269}.Win7 Debug|x64.Build.0 = Debug|x64
		{344897C3-A242-4176-AF05-D0ED8DB7C269}.Win7 Release|Win32.ActiveCfg = Release|Win32
		{344897C3-A242-4176-AF05-D0ED8DB7C269}.Win7 Release|Win32.Build.0 = Release|Win32
		{344897C3-A242-4176-AF05-D0ED8DB7C269}.Win7 Release|x64.ActiveCfg = Release|x64
		{344897C3-A242-4176-AF05-D0ED8DB7C269}.Win7 Release|x64.Build.0 = Release|x64
		{344897C3-A242-4176-AF05-D0ED8DB7C269}.Win8 Debug|Win32.ActiveCfg = Debug|Win32
		{344897C3-A242-4176-AF05-D0ED8DB7C269}.Win8 Debug|Win32.Build.0 = Debug|Win32
		{344897C3-A242-4176-AF05-D0ED8DB7C269}.Win8 Debug|x64.ActiveCfg = Debug|x64
		{344897C3-A242-4176-AF05-D0ED8DB7C269}.Win8 Debug|x64.Build.0 = Debug|x64
		{344897C3-A242-4176-AF05-D0ED8DB7C269}.Win8 Release|Win32.ActiveCfg = Release|Win32
		{344897C3-A242-4176-AF05-D0ED8DB7C269}.Win8 Release|Win32.Build.0 = Release|Win32
		{344897C3-A242-4176-AF05-D0ED8DB7C269}.Win8 Release|x64.ActiveCfg = Release|x64
		{344897C3-A242-4176-AF05-D0ED8DB7C269}.Win8 Release|x64.Build.0 = Release|x64
		{344897C3-A242-4176-AF05-D0ED8DB7C269}.Win8.1 Debug|Win32.ActiveCfg = Debug|Win32
		{344897C3-A242-4176-AF05-D0ED8DB7C269}.Win8.1 Debug|Win32.Build.0 = Debug|Win32
		{344897C3-A242-4176-AF05-D0ED8DB7C269}.Win8.1 Debug|x64.ActiveCfg = Debug|x64
		{344897C3-A242-4176-AF05-D0ED8DB7C269}.Win8.1 Debug|x64.Build.0 = Debug|x64
		{344897C3-A242-4176-AF05-D0ED8DB7C269}.Win8.1 Release|Win32.ActiveCfg = Release|Win32
		{344897C3-A242-4176-AF05-D0ED8DB7C269}.Win8.1 Release|Win32.Build.0 = Release|Win32
		{344897C3-A242-4176-AF05-D0ED8DB7C269}.Win8.1 Release|x64.ActiveCfg = Release|x64
		{344897C3-A242-4176-AF05-D0ED8DB7C269}.Win8.1 Release|x64.Build.0 = Release|x64
		{2ADFF254-F976-4245-AE4C-4D3C4DDB1929}.Debug|Win32.ActiveCfg = Debug|Win32
		{2ADFF254-F976-4245-AE4C-4D3C4DDB1929}.Debug|Win32.Build.0 = Debug|Win32
		{2ADFF254-F976-4245-AE4C-4D3C4DDB1929}.Debug|Win32.Deploy.0 = Debug|Win32
		{2ADFF254-F976-4245-AE4C-4D3C4DDB1929}.Debug|x64.ActiveCfg = Debug|Win32
		{2ADFF254-F976-4245-AE4C-4D3C4DDB1929}.Release_sneezy|Win32.ActiveCfg = Release|Win32
		{2ADFF254-F976-4245-AE4C-4D3C4DDB1929}.Release_sneezy|Win32.Build.0 = Release|Win32
		{2ADFF254-F976-4245-AE4C-4D3C4DDB1929}.Release_sneezy|Win32.Deploy.0 = Release|Win32
		{2ADFF254-F976-4245-AE4C-4D3C4DDB1929}.Release_sneezy|x64.ActiveCfg = Release|Win32
		{2ADFF254-F976-4245-AE4C-4D3C4DDB1929}.Release|Win32.ActiveCfg = Release|Win32
		{2ADFF254-F976-4245-AE4C-4D3C4DDB1929}.Release|Win32.Deploy.0 = Release|Win32
		{2ADFF254-F976-4245-AE4C-4D3C4DDB1929}.Release|x64.ActiveCfg = Release|Win32
		{2ADFF254-F976-4245-AE4C-4D3C4DDB1929}.Win7 Debug|Win32.ActiveCfg = Debug|Win32
		{2ADFF254-F976-4245-AE4C-4D3C4DDB1929}.Win7 Debug|Win32.Build.0 = Debug|Win32
		{2ADFF254-F976-4245-AE4C-4D3C4DDB1929}.Win7 Debug|x64.ActiveCfg = Debug|Win32
		{2ADFF254-F976-4245-AE4C-4D3C4DDB1929}.Win7 Release|Win32.ActiveCfg = Release|Win32
		{2ADFF254-F976-4245-AE4C-4D3C4DDB1929}.Win7 Release|Win32.Build.0 = Release|Win32
		{2ADFF254-F976-4245-AE4C-4D3C4DDB1929}.Win7 Release|Win32.Deploy.0 = Release|Win32
		{2ADFF254-F976-4245-AE4C-4D3C4DDB1929}.Win7 Release|x64.ActiveCfg = Release|Win32
		{2ADFF254-F976-4245-AE4C-4D3C4DDB1929}.Win8 Debug|Win32.ActiveCfg = Debug|Win32
		{2ADFF254-F976-4245-AE4C-4D3C4DDB1929}.Win8 Debug|Win32.Build.0 = Debug|Win32
		{2ADFF254-F976-4245-AE4C-4D3C4DDB1929}.Win8 Debug|Win32.Deploy.0 = Debug|Win32
		{2ADFF254-F976-4245-AE4C-4D3C4DDB1929}.Win8 Debug|x64.ActiveCfg = Debug|Win32
		{2ADFF254-F976-4245-AE4C-4D3C4DDB1929}.Win8 Release|Win32.ActiveCfg = Release|Win32
		{2ADFF254-F976-4245-AE4C-4D3C4DDB1929}.Win8 Release|Win32.Build.0 = Release|Win32
		{2ADFF254-F976-4245-AE4C-4D3C4DDB1929}.Win8 Release|Win32.Deploy.0 = Release|Win32
		{2ADFF254-F976-4245-AE4C-4D3C4DDB1929}.Win8 Release|x64.ActiveCfg = Release|Win32
		{2ADFF254-F976-4245-AE4C-4D3C4DDB1929}.Win8.1 Debug|Win32.ActiveCfg = Debug|Win32
		{2ADFF254-F976-4245-AE4C-4D3C4DDB1929}.Win8.1 Debug|Win32.Build.0 = Debug|Win32
		{2ADFF254-F976-4245-AE4C-4D3C4DDB1929}.Win8.1 Debug|Win32.Deploy.0 = Debug|Win32
		{2ADFF254-F976-4245-AE4C-4D3C4DDB1929}.Win8.1 Debug|x64.ActiveCfg = Debug|Win32
		{2ADFF254-F976-4245-AE4C-4D3C4DDB1929}.Win8.1 Release|Win32.ActiveCfg = Release|Win32
		{2ADFF254-F976-4245-AE4C-4D3C4DDB1929}.Win8.1 Release|Win32.Build.0 = Release|Win32
		{2ADFF254-F976-4245-AE4C-4D3C4DDB1929}.Win8.1 Release|Win32.Deploy.0 = Release|Win32
		{2ADFF254-F976-4245-AE4C-4D3C4DDB1929}.Win8.1 Release|x64.ActiveCfg = Release|Win32
	EndGlobalSection
	GlobalSection(SolutionProperties) = preSolution
		HideSolutionNode = FALSE
	EndGlobalSection
EndGlobal
