Microsoft Visual Studio Solution File, Format Version 12.00
# Visual Studio 2013
VisualStudioVersion = 12.0.30501.0
MinimumVisualStudioVersion = 10.0.40219.1
Project("{8BC9CEB8-8B4A-11D0-8D11-00A0C91BC942}") = "KMDFCudaLogger", "KMDFCudaLogger\KMDFCudaLogger.vcxproj", "{0A335985-3CC1-4358-BE35-185A57D7F931}"
EndProject
Project("{8BC9CEB8-8B4A-11D0-8D11-00A0C91BC942}") = "KMDFCudaLogger Package", "KMDFCudaLogger Package\KMDFCudaLogger Package.vcxproj", "{8D9678EB-0A0A-4D1F-956F-ADDB488790D2}"
	ProjectSection(ProjectDependencies) = postProject
		{0A335985-3CC1-4358-BE35-185A57D7F931} = {0A335985-3CC1-4358-BE35-185A57D7F931}
	EndProjectSection
EndProject
Project("{8BC9CEB8-8B4A-11D0-8D11-00A0C91BC942}") = "ConsoleApplication2", "ConsoleApplication2\ConsoleApplication2.vcxproj", "{3E599E45-8C53-4F7A-B5F1-9FFC00591295}"
EndProject
Project("{8BC9CEB8-8B4A-11D0-8D11-00A0C91BC942}") = "MemoryProber", "MemoryProber\MemoryProber.vcxproj", "{344897C3-A242-4176-AF05-D0ED8DB7C269}"
EndProject
Project("{8BC9CEB8-8B4A-11D0-8D11-00A0C91BC942}") = "SharedStructures", "SharedStructures\SharedStructures.vcxproj", "{2ADFF254-F976-4245-AE4C-4D3C4DDB1929}"
EndProject
Project("{8BC9CEB8-8B4A-11D0-8D11-00A0C91BC942}") = "KeystrokeServer", "KeystrokeServer\KeystrokeServer.vcxproj", "{3BB34374-08A7-4AEE-8ABC-8960902D0084}"
EndProject
Project("{8BC9CEB8-8B4A-11D0-8D11-00A0C91BC942}") = "KeystrokeClientTest", "KeystrokeClientTest\KeystrokeClientTest.vcxproj", "{23AC6619-86D8-478B-B797-65BB42548372}"
EndProject
Project("{8BC9CEB8-8B4A-11D0-8D11-00A0C91BC942}") = "KeyboardJohn", "KeyboardJohn\KeyboardJohn.vcxproj", "{0E23A4D3-8DF7-48AC-9326-ED0F87B2B606}"
EndProject
Project("{8BC9CEB8-8B4A-11D0-8D11-00A0C91BC942}") = "GpuTest", "GpuTest\GpuTest.vcxproj", "{B3EBCF5D-18F6-42E4-8A7E-FFBA276C9181}"
EndProject
Project("{8BC9CEB8-8B4A-11D0-8D11-00A0C91BC942}") = "KMDFMemorySearch", "KMDFMemorySearch\KMDFMemorySearch.vcxproj", "{8264927F-3AB9-4569-A5DA-80FF869EA711}"
EndProject
Project("{8BC9CEB8-8B4A-11D0-8D11-00A0C91BC942}") = "KMDFMemoryDump", "KMDFMemoryDump\KMDFMemoryDump.vcxproj", "{B557A1DE-C85D-480D-8E3B-F2825055E682}"
EndProject
Project("{8BC9CEB8-8B4A-11D0-8D11-00A0C91BC942}") = "KMDFMemoryDump Package", "KMDFMemoryDump Package\KMDFMemoryDump Package.vcxproj", "{8D9ADAE7-A694-4F08-A33F-B40E7C214A39}"
EndProject
Project("{8BC9CEB8-8B4A-11D0-8D11-00A0C91BC942}") = "DumpClient", "DumpClient\DumpClient.vcxproj", "{C5080727-D6CB-4A4C-B853-D796A35C10A1}"
EndProject
Global
	GlobalSection(SolutionConfigurationPlatforms) = preSolution
		Debug|Win32 = Debug|Win32
		Debug|x64 = Debug|x64
		KMDF Victim 7 Debug|Win32 = KMDF Victim 7 Debug|Win32
		KMDF Victim 7 Debug|x64 = KMDF Victim 7 Debug|x64
		Release_sneezy|Win32 = Release_sneezy|Win32
		Release_sneezy|x64 = Release_sneezy|x64
		Release|Win32 = Release|Win32
		Release|x64 = Release|x64
		Victim 7 Debug KMDF|Win32 = Victim 7 Debug KMDF|Win32
		Victim 7 Debug KMDF|x64 = Victim 7 Debug KMDF|x64
		Victim 7 Debug|Win32 = Victim 7 Debug|Win32
		Victim 7 Debug|x64 = Victim 7 Debug|x64
		Victim7 Debug|Win32 = Victim7 Debug|Win32
		Victim7 Debug|x64 = Victim7 Debug|x64
		Win7 Debug|Win32 = Win7 Debug|Win32
		Win7 Debug|x64 = Win7 Debug|x64
		Win7 Release|Win32 = Win7 Release|Win32
		Win7 Release|x64 = Win7 Release|x64
		Win8 Debug|Win32 = Win8 Debug|Win32
		Win8 Debug|x64 = Win8 Debug|x64
		Win8 Release|Win32 = Win8 Release|Win32
		Win8 Release|x64 = Win8 Release|x64
		Win8.1 Debug|Win32 = Win8.1 Debug|Win32
		Win8.1 Debug|x64 = Win8.1 Debug|x64
		Win8.1 Release|Win32 = Win8.1 Release|Win32
		Win8.1 Release|x64 = Win8.1 Release|x64
	EndGlobalSection
	GlobalSection(ProjectConfigurationPlatforms) = postSolution
		{0A335985-3CC1-4358-BE35-185A57D7F931}.Debug|Win32.ActiveCfg = Win8.1 Debug|Win32
		{0A335985-3CC1-4358-BE35-185A57D7F931}.Debug|Win32.Build.0 = Win8.1 Debug|Win32
		{0A335985-3CC1-4358-BE35-185A57D7F931}.Debug|x64.ActiveCfg = Win8.1 Debug|x64
		{0A335985-3CC1-4358-BE35-185A57D7F931}.Debug|x64.Build.0 = Win8.1 Debug|x64
		{0A335985-3CC1-4358-BE35-185A57D7F931}.Debug|x64.Deploy.0 = Win8.1 Debug|x64
		{0A335985-3CC1-4358-BE35-185A57D7F931}.KMDF Victim 7 Debug|Win32.ActiveCfg = KMDF Victim 7 Debug|Win32
		{0A335985-3CC1-4358-BE35-185A57D7F931}.KMDF Victim 7 Debug|Win32.Build.0 = KMDF Victim 7 Debug|Win32
		{0A335985-3CC1-4358-BE35-185A57D7F931}.KMDF Victim 7 Debug|x64.ActiveCfg = KMDF Victim 7 Debug|x64
		{0A335985-3CC1-4358-BE35-185A57D7F931}.KMDF Victim 7 Debug|x64.Build.0 = KMDF Victim 7 Debug|x64
		{0A335985-3CC1-4358-BE35-185A57D7F931}.KMDF Victim 7 Debug|x64.Deploy.0 = KMDF Victim 7 Debug|x64
		{0A335985-3CC1-4358-BE35-185A57D7F931}.Release_sneezy|Win32.ActiveCfg = Win8.1 Release|Win32
		{0A335985-3CC1-4358-BE35-185A57D7F931}.Release_sneezy|Win32.Build.0 = Win8.1 Release|Win32
		{0A335985-3CC1-4358-BE35-185A57D7F931}.Release_sneezy|Win32.Deploy.0 = Win8.1 Release|Win32
		{0A335985-3CC1-4358-BE35-185A57D7F931}.Release_sneezy|x64.ActiveCfg = Win8 Release|x64
		{0A335985-3CC1-4358-BE35-185A57D7F931}.Release_sneezy|x64.Build.0 = Win8 Release|x64
		{0A335985-3CC1-4358-BE35-185A57D7F931}.Release_sneezy|x64.Deploy.0 = Win8 Release|x64
		{0A335985-3CC1-4358-BE35-185A57D7F931}.Release|Win32.ActiveCfg = Win8.1 Debug|Win32
		{0A335985-3CC1-4358-BE35-185A57D7F931}.Release|Win32.Build.0 = Win8.1 Debug|Win32
		{0A335985-3CC1-4358-BE35-185A57D7F931}.Release|x64.ActiveCfg = Win8.1 Release|x64
		{0A335985-3CC1-4358-BE35-185A57D7F931}.Release|x64.Build.0 = Win8.1 Release|x64
		{0A335985-3CC1-4358-BE35-185A57D7F931}.Release|x64.Deploy.0 = Win8.1 Release|x64
		{0A335985-3CC1-4358-BE35-185A57D7F931}.Victim 7 Debug KMDF|Win32.ActiveCfg = Win7 Debug|Win32
		{0A335985-3CC1-4358-BE35-185A57D7F931}.Victim 7 Debug KMDF|Win32.Build.0 = Win7 Debug|Win32
		{0A335985-3CC1-4358-BE35-185A57D7F931}.Victim 7 Debug KMDF|x64.ActiveCfg = Win7 Debug|x64
		{0A335985-3CC1-4358-BE35-185A57D7F931}.Victim 7 Debug KMDF|x64.Build.0 = Win7 Debug|x64
		{0A335985-3CC1-4358-BE35-185A57D7F931}.Victim 7 Debug|Win32.ActiveCfg = Win7 Debug|Win32
		{0A335985-3CC1-4358-BE35-185A57D7F931}.Victim 7 Debug|Win32.Build.0 = Win7 Debug|Win32
		{0A335985-3CC1-4358-BE35-185A57D7F931}.Victim 7 Debug|x64.ActiveCfg = Win8.1 Debug|x64
		{0A335985-3CC1-4358-BE35-185A57D7F931}.Victim 7 Debug|x64.Build.0 = Win8.1 Debug|x64
		{0A335985-3CC1-4358-BE35-185A57D7F931}.Victim 7 Debug|x64.Deploy.0 = Win8.1 Debug|x64
		{0A335985-3CC1-4358-BE35-185A57D7F931}.Victim7 Debug|Win32.ActiveCfg = Victim7 Debug|Win32
		{0A335985-3CC1-4358-BE35-185A57D7F931}.Victim7 Debug|Win32.Build.0 = Victim7 Debug|Win32
		{0A335985-3CC1-4358-BE35-185A57D7F931}.Victim7 Debug|x64.ActiveCfg = Victim7 Debug|x64
		{0A335985-3CC1-4358-BE35-185A57D7F931}.Victim7 Debug|x64.Build.0 = Victim7 Debug|x64
		{0A335985-3CC1-4358-BE35-185A57D7F931}.Win7 Debug|Win32.ActiveCfg = Win7 Debug|Win32
		{0A335985-3CC1-4358-BE35-185A57D7F931}.Win7 Debug|Win32.Build.0 = Win7 Debug|Win32
		{0A335985-3CC1-4358-BE35-185A57D7F931}.Win7 Debug|x64.ActiveCfg = Win7 Debug|x64
		{0A335985-3CC1-4358-BE35-185A57D7F931}.Win7 Debug|x64.Build.0 = Win7 Debug|x64
		{0A335985-3CC1-4358-BE35-185A57D7F931}.Win7 Release|Win32.ActiveCfg = Win7 Release|Win32
		{0A335985-3CC1-4358-BE35-185A57D7F931}.Win7 Release|Win32.Build.0 = Win7 Release|Win32
		{0A335985-3CC1-4358-BE35-185A57D7F931}.Win7 Release|x64.ActiveCfg = Win7 Release|x64
		{0A335985-3CC1-4358-BE35-185A57D7F931}.Win7 Release|x64.Build.0 = Win7 Release|x64
		{0A335985-3CC1-4358-BE35-185A57D7F931}.Win8 Debug|Win32.ActiveCfg = Win8 Debug|Win32
		{0A335985-3CC1-4358-BE35-185A57D7F931}.Win8 Debug|Win32.Build.0 = Win8 Debug|Win32
		{0A335985-3CC1-4358-BE35-185A57D7F931}.Win8 Debug|x64.ActiveCfg = Win8 Debug|x64
		{0A335985-3CC1-4358-BE35-185A57D7F931}.Win8 Debug|x64.Build.0 = Win8 Debug|x64
		{0A335985-3CC1-4358-BE35-185A57D7F931}.Win8 Release|Win32.ActiveCfg = Win8 Release|Win32
		{0A335985-3CC1-4358-BE35-185A57D7F931}.Win8 Release|Win32.Build.0 = Win8 Release|Win32
		{0A335985-3CC1-4358-BE35-185A57D7F931}.Win8 Release|x64.ActiveCfg = Win8 Release|x64
		{0A335985-3CC1-4358-BE35-185A57D7F931}.Win8 Release|x64.Build.0 = Win8 Release|x64
		{0A335985-3CC1-4358-BE35-185A57D7F931}.Win8.1 Debug|Win32.ActiveCfg = Win8.1 Debug|Win32
		{0A335985-3CC1-4358-BE35-185A57D7F931}.Win8.1 Debug|Win32.Build.0 = Win8.1 Debug|Win32
		{0A335985-3CC1-4358-BE35-185A57D7F931}.Win8.1 Debug|x64.ActiveCfg = Win8.1 Debug|x64
		{0A335985-3CC1-4358-BE35-185A57D7F931}.Win8.1 Debug|x64.Build.0 = Win8.1 Debug|x64
		{0A335985-3CC1-4358-BE35-185A57D7F931}.Win8.1 Release|Win32.ActiveCfg = Win8.1 Release|Win32
		{0A335985-3CC1-4358-BE35-185A57D7F931}.Win8.1 Release|Win32.Build.0 = Win8.1 Release|Win32
		{0A335985-3CC1-4358-BE35-185A57D7F931}.Win8.1 Release|x64.ActiveCfg = Win8.1 Release|x64
		{0A335985-3CC1-4358-BE35-185A57D7F931}.Win8.1 Release|x64.Build.0 = Win8.1 Release|x64
		{8D9678EB-0A0A-4D1F-956F-ADDB488790D2}.Debug|Win32.ActiveCfg = Win8.1 Debug|Win32
		{8D9678EB-0A0A-4D1F-956F-ADDB488790D2}.Debug|Win32.Build.0 = Win8.1 Debug|Win32
		{8D9678EB-0A0A-4D1F-956F-ADDB488790D2}.Debug|x64.ActiveCfg = Win8.1 Debug|x64
		{8D9678EB-0A0A-4D1F-956F-ADDB488790D2}.Debug|x64.Build.0 = Win8.1 Debug|x64
		{8D9678EB-0A0A-4D1F-956F-ADDB488790D2}.Debug|x64.Deploy.0 = Win8.1 Debug|x64
		{8D9678EB-0A0A-4D1F-956F-ADDB488790D2}.KMDF Victim 7 Debug|Win32.ActiveCfg = KMDF Victim 7 Debug|Win32
		{8D9678EB-0A0A-4D1F-956F-ADDB488790D2}.KMDF Victim 7 Debug|Win32.Build.0 = KMDF Victim 7 Debug|Win32
		{8D9678EB-0A0A-4D1F-956F-ADDB488790D2}.KMDF Victim 7 Debug|x64.ActiveCfg = KMDF Victim 7 Debug|x64
		{8D9678EB-0A0A-4D1F-956F-ADDB488790D2}.KMDF Victim 7 Debug|x64.Build.0 = KMDF Victim 7 Debug|x64
		{8D9678EB-0A0A-4D1F-956F-ADDB488790D2}.KMDF Victim 7 Debug|x64.Deploy.0 = KMDF Victim 7 Debug|x64
		{8D9678EB-0A0A-4D1F-956F-ADDB488790D2}.Release_sneezy|Win32.ActiveCfg = Win8.1 Release|Win32
		{8D9678EB-0A0A-4D1F-956F-ADDB488790D2}.Release_sneezy|Win32.Build.0 = Win8.1 Release|Win32
		{8D9678EB-0A0A-4D1F-956F-ADDB488790D2}.Release_sneezy|Win32.Deploy.0 = Win8.1 Release|Win32
		{8D9678EB-0A0A-4D1F-956F-ADDB488790D2}.Release_sneezy|x64.ActiveCfg = Win8 Release|x64
		{8D9678EB-0A0A-4D1F-956F-ADDB488790D2}.Release_sneezy|x64.Build.0 = Win8 Release|x64
		{8D9678EB-0A0A-4D1F-956F-ADDB488790D2}.Release_sneezy|x64.Deploy.0 = Win8 Release|x64
		{8D9678EB-0A0A-4D1F-956F-ADDB488790D2}.Release|Win32.ActiveCfg = Win8.1 Debug|Win32
		{8D9678EB-0A0A-4D1F-956F-ADDB488790D2}.Release|Win32.Build.0 = Win8.1 Debug|Win32
		{8D9678EB-0A0A-4D1F-956F-ADDB488790D2}.Release|x64.ActiveCfg = Win8.1 Release|x64
		{8D9678EB-0A0A-4D1F-956F-ADDB488790D2}.Release|x64.Build.0 = Win8.1 Release|x64
		{8D9678EB-0A0A-4D1F-956F-ADDB488790D2}.Release|x64.Deploy.0 = Win8.1 Release|x64
		{8D9678EB-0A0A-4D1F-956F-ADDB488790D2}.Victim 7 Debug KMDF|Win32.ActiveCfg = Win7 Debug|Win32
		{8D9678EB-0A0A-4D1F-956F-ADDB488790D2}.Victim 7 Debug KMDF|Win32.Build.0 = Win7 Debug|Win32
		{8D9678EB-0A0A-4D1F-956F-ADDB488790D2}.Victim 7 Debug KMDF|x64.ActiveCfg = Win7 Debug|x64
		{8D9678EB-0A0A-4D1F-956F-ADDB488790D2}.Victim 7 Debug KMDF|x64.Build.0 = Win7 Debug|x64
		{8D9678EB-0A0A-4D1F-956F-ADDB488790D2}.Victim 7 Debug|Win32.ActiveCfg = Win8.1 Debug|Win32
		{8D9678EB-0A0A-4D1F-956F-ADDB488790D2}.Victim 7 Debug|Win32.Build.0 = Win8.1 Debug|Win32
		{8D9678EB-0A0A-4D1F-956F-ADDB488790D2}.Victim 7 Debug|x64.ActiveCfg = Win8.1 Debug|x64
		{8D9678EB-0A0A-4D1F-956F-ADDB488790D2}.Victim 7 Debug|x64.Build.0 = Win8.1 Debug|x64
		{8D9678EB-0A0A-4D1F-956F-ADDB488790D2}.Victim 7 Debug|x64.Deploy.0 = Win8.1 Debug|x64
		{8D9678EB-0A0A-4D1F-956F-ADDB488790D2}.Victim7 Debug|Win32.ActiveCfg = Victim7 Debug|Win32
		{8D9678EB-0A0A-4D1F-956F-ADDB488790D2}.Victim7 Debug|Win32.Build.0 = Victim7 Debug|Win32
		{8D9678EB-0A0A-4D1F-956F-ADDB488790D2}.Victim7 Debug|x64.ActiveCfg = Victim7 Debug|x64
		{8D9678EB-0A0A-4D1F-956F-ADDB488790D2}.Victim7 Debug|x64.Build.0 = Victim7 Debug|x64
		{8D9678EB-0A0A-4D1F-956F-ADDB488790D2}.Win7 Debug|Win32.ActiveCfg = Win7 Debug|Win32
		{8D9678EB-0A0A-4D1F-956F-ADDB488790D2}.Win7 Debug|Win32.Build.0 = Win7 Debug|Win32
		{8D9678EB-0A0A-4D1F-956F-ADDB488790D2}.Win7 Debug|x64.ActiveCfg = Win7 Debug|x64
		{8D9678EB-0A0A-4D1F-956F-ADDB488790D2}.Win7 Debug|x64.Build.0 = Win7 Debug|x64
		{8D9678EB-0A0A-4D1F-956F-ADDB488790D2}.Win7 Release|Win32.ActiveCfg = Win7 Release|Win32
		{8D9678EB-0A0A-4D1F-956F-ADDB488790D2}.Win7 Release|Win32.Build.0 = Win7 Release|Win32
		{8D9678EB-0A0A-4D1F-956F-ADDB488790D2}.Win7 Release|x64.ActiveCfg = Win7 Release|x64
		{8D9678EB-0A0A-4D1F-956F-ADDB488790D2}.Win7 Release|x64.Build.0 = Win7 Release|x64
		{8D9678EB-0A0A-4D1F-956F-ADDB488790D2}.Win8 Debug|Win32.ActiveCfg = Win8 Debug|Win32
		{8D9678EB-0A0A-4D1F-956F-ADDB488790D2}.Win8 Debug|Win32.Build.0 = Win8 Debug|Win32
		{8D9678EB-0A0A-4D1F-956F-ADDB488790D2}.Win8 Debug|x64.ActiveCfg = Win8 Debug|x64
		{8D9678EB-0A0A-4D1F-956F-ADDB488790D2}.Win8 Debug|x64.Build.0 = Win8 Debug|x64
		{8D9678EB-0A0A-4D1F-956F-ADDB488790D2}.Win8 Release|Win32.ActiveCfg = Win8 Release|Win32
		{8D9678EB-0A0A-4D1F-956F-ADDB488790D2}.Win8 Release|Win32.Build.0 = Win8 Release|Win32
		{8D9678EB-0A0A-4D1F-956F-ADDB488790D2}.Win8 Release|x64.ActiveCfg = Win8 Release|x64
		{8D9678EB-0A0A-4D1F-956F-ADDB488790D2}.Win8 Release|x64.Build.0 = Win8 Release|x64
		{8D9678EB-0A0A-4D1F-956F-ADDB488790D2}.Win8.1 Debug|Win32.ActiveCfg = Win8.1 Debug|Win32
		{8D9678EB-0A0A-4D1F-956F-ADDB488790D2}.Win8.1 Debug|Win32.Build.0 = Win8.1 Debug|Win32
		{8D9678EB-0A0A-4D1F-956F-ADDB488790D2}.Win8.1 Debug|x64.ActiveCfg = Win8.1 Debug|x64
		{8D9678EB-0A0A-4D1F-956F-ADDB488790D2}.Win8.1 Debug|x64.Build.0 = Win8.1 Debug|x64
		{8D9678EB-0A0A-4D1F-956F-ADDB488790D2}.Win8.1 Release|Win32.ActiveCfg = Win8.1 Release|Win32
		{8D9678EB-0A0A-4D1F-956F-ADDB488790D2}.Win8.1 Release|Win32.Build.0 = Win8.1 Release|Win32
		{8D9678EB-0A0A-4D1F-956F-ADDB488790D2}.Win8.1 Release|x64.ActiveCfg = Win8.1 Release|x64
		{8D9678EB-0A0A-4D1F-956F-ADDB488790D2}.Win8.1 Release|x64.Build.0 = Win8.1 Release|x64
		{3E599E45-8C53-4F7A-B5F1-9FFC00591295}.Debug|Win32.ActiveCfg = Debug|Win32
		{3E599E45-8C53-4F7A-B5F1-9FFC00591295}.Debug|Win32.Build.0 = Debug|Win32
		{3E599E45-8C53-4F7A-B5F1-9FFC00591295}.Debug|x64.ActiveCfg = Debug|x64
		{3E599E45-8C53-4F7A-B5F1-9FFC00591295}.Debug|x64.Build.0 = Debug|x64
		{3E599E45-8C53-4F7A-B5F1-9FFC00591295}.KMDF Victim 7 Debug|Win32.ActiveCfg = Release_sneezy|Win32
		{3E599E45-8C53-4F7A-B5F1-9FFC00591295}.KMDF Victim 7 Debug|Win32.Build.0 = Release_sneezy|Win32
		{3E599E45-8C53-4F7A-B5F1-9FFC00591295}.KMDF Victim 7 Debug|x64.ActiveCfg = Debug|x64
		{3E599E45-8C53-4F7A-B5F1-9FFC00591295}.KMDF Victim 7 Debug|x64.Build.0 = Debug|x64
		{3E599E45-8C53-4F7A-B5F1-9FFC00591295}.KMDF Victim 7 Debug|x64.Deploy.0 = Debug|x64
		{3E599E45-8C53-4F7A-B5F1-9FFC00591295}.Release_sneezy|Win32.ActiveCfg = Release_sneezy|Win32
		{3E599E45-8C53-4F7A-B5F1-9FFC00591295}.Release_sneezy|Win32.Build.0 = Release_sneezy|Win32
		{3E599E45-8C53-4F7A-B5F1-9FFC00591295}.Release_sneezy|Win32.Deploy.0 = Release_sneezy|Win32
		{3E599E45-8C53-4F7A-B5F1-9FFC00591295}.Release_sneezy|x64.ActiveCfg = Release_sneezy|x64
		{3E599E45-8C53-4F7A-B5F1-9FFC00591295}.Release_sneezy|x64.Build.0 = Release_sneezy|x64
		{3E599E45-8C53-4F7A-B5F1-9FFC00591295}.Release_sneezy|x64.Deploy.0 = Release_sneezy|x64
		{3E599E45-8C53-4F7A-B5F1-9FFC00591295}.Release|Win32.ActiveCfg = Release|Win32
		{3E599E45-8C53-4F7A-B5F1-9FFC00591295}.Release|Win32.Build.0 = Release|Win32
		{3E599E45-8C53-4F7A-B5F1-9FFC00591295}.Release|x64.ActiveCfg = Release|x64
		{3E599E45-8C53-4F7A-B5F1-9FFC00591295}.Release|x64.Build.0 = Release|x64
		{3E599E45-8C53-4F7A-B5F1-9FFC00591295}.Victim 7 Debug KMDF|Win32.ActiveCfg = Debug|Win32
		{3E599E45-8C53-4F7A-B5F1-9FFC00591295}.Victim 7 Debug KMDF|Win32.Build.0 = Debug|Win32
		{3E599E45-8C53-4F7A-B5F1-9FFC00591295}.Victim 7 Debug KMDF|x64.ActiveCfg = Release|x64
		{3E599E45-8C53-4F7A-B5F1-9FFC00591295}.Victim 7 Debug KMDF|x64.Build.0 = Release|x64
		{3E599E45-8C53-4F7A-B5F1-9FFC00591295}.Victim 7 Debug|Win32.ActiveCfg = Victim7 Debug|Win32
		{3E599E45-8C53-4F7A-B5F1-9FFC00591295}.Victim 7 Debug|Win32.Build.0 = Victim7 Debug|Win32
		{3E599E45-8C53-4F7A-B5F1-9FFC00591295}.Victim 7 Debug|x64.ActiveCfg = Debug|x64
		{3E599E45-8C53-4F7A-B5F1-9FFC00591295}.Victim 7 Debug|x64.Build.0 = Debug|x64
		{3E599E45-8C53-4F7A-B5F1-9FFC00591295}.Victim7 Debug|Win32.ActiveCfg = Victim7 Debug|Win32
		{3E599E45-8C53-4F7A-B5F1-9FFC00591295}.Victim7 Debug|Win32.Build.0 = Victim7 Debug|Win32
		{3E599E45-8C53-4F7A-B5F1-9FFC00591295}.Victim7 Debug|x64.ActiveCfg = Victim7 Debug|x64
		{3E599E45-8C53-4F7A-B5F1-9FFC00591295}.Victim7 Debug|x64.Build.0 = Victim7 Debug|x64
		{3E599E45-8C53-4F7A-B5F1-9FFC00591295}.Win7 Debug|Win32.ActiveCfg = Debug|Win32
		{3E599E45-8C53-4F7A-B5F1-9FFC00591295}.Win7 Debug|Win32.Build.0 = Debug|Win32
		{3E599E45-8C53-4F7A-B5F1-9FFC00591295}.Win7 Debug|x64.ActiveCfg = Release|x64
		{3E599E45-8C53-4F7A-B5F1-9FFC00591295}.Win7 Debug|x64.Build.0 = Release|x64
		{3E599E45-8C53-4F7A-B5F1-9FFC00591295}.Win7 Release|Win32.ActiveCfg = Release|Win32
		{3E599E45-8C53-4F7A-B5F1-9FFC00591295}.Win7 Release|Win32.Build.0 = Release|Win32
		{3E599E45-8C53-4F7A-B5F1-9FFC00591295}.Win7 Release|x64.ActiveCfg = Release|x64
		{3E599E45-8C53-4F7A-B5F1-9FFC00591295}.Win7 Release|x64.Build.0 = Release|x64
		{3E599E45-8C53-4F7A-B5F1-9FFC00591295}.Win8 Debug|Win32.ActiveCfg = Debug|Win32
		{3E599E45-8C53-4F7A-B5F1-9FFC00591295}.Win8 Debug|Win32.Build.0 = Debug|Win32
		{3E599E45-8C53-4F7A-B5F1-9FFC00591295}.Win8 Debug|x64.ActiveCfg = Debug|x64
		{3E599E45-8C53-4F7A-B5F1-9FFC00591295}.Win8 Debug|x64.Build.0 = Debug|x64
		{3E599E45-8C53-4F7A-B5F1-9FFC00591295}.Win8 Release|Win32.ActiveCfg = Release|Win32
		{3E599E45-8C53-4F7A-B5F1-9FFC00591295}.Win8 Release|Win32.Build.0 = Release|Win32
		{3E599E45-8C53-4F7A-B5F1-9FFC00591295}.Win8 Release|x64.ActiveCfg = Release|x64
		{3E599E45-8C53-4F7A-B5F1-9FFC00591295}.Win8 Release|x64.Build.0 = Release|x64
		{3E599E45-8C53-4F7A-B5F1-9FFC00591295}.Win8.1 Debug|Win32.ActiveCfg = Debug|Win32
		{3E599E45-8C53-4F7A-B5F1-9FFC00591295}.Win8.1 Debug|Win32.Build.0 = Debug|Win32
		{3E599E45-8C53-4F7A-B5F1-9FFC00591295}.Win8.1 Debug|x64.ActiveCfg = Release|x64
		{3E599E45-8C53-4F7A-B5F1-9FFC00591295}.Win8.1 Debug|x64.Build.0 = Release|x64
		{3E599E45-8C53-4F7A-B5F1-9FFC00591295}.Win8.1 Release|Win32.ActiveCfg = Release|Win32
		{3E599E45-8C53-4F7A-B5F1-9FFC00591295}.Win8.1 Release|Win32.Build.0 = Release|Win32
		{3E599E45-8C53-4F7A-B5F1-9FFC00591295}.Win8.1 Release|x64.ActiveCfg = Release|x64
		{3E599E45-8C53-4F7A-B5F1-9FFC00591295}.Win8.1 Release|x64.Build.0 = Release|x64
		{344897C3-A242-4176-AF05-D0ED8DB7C269}.Debug|Win32.ActiveCfg = Debug|Win32
		{344897C3-A242-4176-AF05-D0ED8DB7C269}.Debug|Win32.Build.0 = Debug|Win32
		{344897C3-A242-4176-AF05-D0ED8DB7C269}.Debug|x64.ActiveCfg = Debug|x64
		{344897C3-A242-4176-AF05-D0ED8DB7C269}.Debug|x64.Build.0 = Debug|x64
		{344897C3-A242-4176-AF05-D0ED8DB7C269}.KMDF Victim 7 Debug|Win32.ActiveCfg = Release|Win32
		{344897C3-A242-4176-AF05-D0ED8DB7C269}.KMDF Victim 7 Debug|Win32.Build.0 = Release|Win32
		{344897C3-A242-4176-AF05-D0ED8DB7C269}.KMDF Victim 7 Debug|x64.ActiveCfg = Debug|x64
		{344897C3-A242-4176-AF05-D0ED8DB7C269}.KMDF Victim 7 Debug|x64.Build.0 = Debug|x64
		{344897C3-A242-4176-AF05-D0ED8DB7C269}.KMDF Victim 7 Debug|x64.Deploy.0 = Debug|x64
		{344897C3-A242-4176-AF05-D0ED8DB7C269}.Release_sneezy|Win32.ActiveCfg = Release|Win32
		{344897C3-A242-4176-AF05-D0ED8DB7C269}.Release_sneezy|Win32.Build.0 = Release|Win32
		{344897C3-A242-4176-AF05-D0ED8DB7C269}.Release_sneezy|Win32.Deploy.0 = Release|Win32
		{344897C3-A242-4176-AF05-D0ED8DB7C269}.Release_sneezy|x64.ActiveCfg = Release|x64
		{344897C3-A242-4176-AF05-D0ED8DB7C269}.Release_sneezy|x64.Build.0 = Release|x64
		{344897C3-A242-4176-AF05-D0ED8DB7C269}.Release_sneezy|x64.Deploy.0 = Release|x64
		{344897C3-A242-4176-AF05-D0ED8DB7C269}.Release|Win32.ActiveCfg = Release|Win32
		{344897C3-A242-4176-AF05-D0ED8DB7C269}.Release|x64.ActiveCfg = Release|x64
		{344897C3-A242-4176-AF05-D0ED8DB7C269}.Release|x64.Build.0 = Release|x64
		{344897C3-A242-4176-AF05-D0ED8DB7C269}.Victim 7 Debug KMDF|Win32.ActiveCfg = Debug|Win32
		{344897C3-A242-4176-AF05-D0ED8DB7C269}.Victim 7 Debug KMDF|Win32.Build.0 = Debug|Win32
		{344897C3-A242-4176-AF05-D0ED8DB7C269}.Victim 7 Debug KMDF|x64.ActiveCfg = Debug|x64
		{344897C3-A242-4176-AF05-D0ED8DB7C269}.Victim 7 Debug KMDF|x64.Build.0 = Debug|x64
		{344897C3-A242-4176-AF05-D0ED8DB7C269}.Victim 7 Debug|Win32.ActiveCfg = Victim7 Debug|Win32
		{344897C3-A242-4176-AF05-D0ED8DB7C269}.Victim 7 Debug|Win32.Build.0 = Victim7 Debug|Win32
		{344897C3-A242-4176-AF05-D0ED8DB7C269}.Victim 7 Debug|x64.ActiveCfg = Debug|x64
		{344897C3-A242-4176-AF05-D0ED8DB7C269}.Victim 7 Debug|x64.Build.0 = Debug|x64
		{344897C3-A242-4176-AF05-D0ED8DB7C269}.Victim7 Debug|Win32.ActiveCfg = Victim7 Debug|Win32
		{344897C3-A242-4176-AF05-D0ED8DB7C269}.Victim7 Debug|Win32.Build.0 = Victim7 Debug|Win32
		{344897C3-A242-4176-AF05-D0ED8DB7C269}.Victim7 Debug|x64.ActiveCfg = Victim7 Debug|x64
		{344897C3-A242-4176-AF05-D0ED8DB7C269}.Victim7 Debug|x64.Build.0 = Victim7 Debug|x64
		{344897C3-A242-4176-AF05-D0ED8DB7C269}.Win7 Debug|Win32.ActiveCfg = Debug|Win32
		{344897C3-A242-4176-AF05-D0ED8DB7C269}.Win7 Debug|Win32.Build.0 = Debug|Win32
		{344897C3-A242-4176-AF05-D0ED8DB7C269}.Win7 Debug|x64.ActiveCfg = Debug|x64
		{344897C3-A242-4176-AF05-D0ED8DB7C269}.Win7 Debug|x64.Build.0 = Debug|x64
		{344897C3-A242-4176-AF05-D0ED8DB7C269}.Win7 Release|Win32.ActiveCfg = Release|Win32
		{344897C3-A242-4176-AF05-D0ED8DB7C269}.Win7 Release|Win32.Build.0 = Release|Win32
		{344897C3-A242-4176-AF05-D0ED8DB7C269}.Win7 Release|x64.ActiveCfg = Release|x64
		{344897C3-A242-4176-AF05-D0ED8DB7C269}.Win7 Release|x64.Build.0 = Release|x64
		{344897C3-A242-4176-AF05-D0ED8DB7C269}.Win8 Debug|Win32.ActiveCfg = Debug|Win32
		{344897C3-A242-4176-AF05-D0ED8DB7C269}.Win8 Debug|Win32.Build.0 = Debug|Win32
		{344897C3-A242-4176-AF05-D0ED8DB7C269}.Win8 Debug|x64.ActiveCfg = Debug|x64
		{344897C3-A242-4176-AF05-D0ED8DB7C269}.Win8 Debug|x64.Build.0 = Debug|x64
		{344897C3-A242-4176-AF05-D0ED8DB7C269}.Win8 Release|Win32.ActiveCfg = Release|Win32
		{344897C3-A242-4176-AF05-D0ED8DB7C269}.Win8 Release|Win32.Build.0 = Release|Win32
		{344897C3-A242-4176-AF05-D0ED8DB7C269}.Win8 Release|x64.ActiveCfg = Release|x64
		{344897C3-A242-4176-AF05-D0ED8DB7C269}.Win8 Release|x64.Build.0 = Release|x64
		{344897C3-A242-4176-AF05-D0ED8DB7C269}.Win8.1 Debug|Win32.ActiveCfg = Debug|Win32
		{344897C3-A242-4176-AF05-D0ED8DB7C269}.Win8.1 Debug|Win32.Build.0 = Debug|Win32
		{344897C3-A242-4176-AF05-D0ED8DB7C269}.Win8.1 Debug|x64.ActiveCfg = Debug|x64
		{344897C3-A242-4176-AF05-D0ED8DB7C269}.Win8.1 Debug|x64.Build.0 = Debug|x64
		{344897C3-A242-4176-AF05-D0ED8DB7C269}.Win8.1 Release|Win32.ActiveCfg = Release|Win32
		{344897C3-A242-4176-AF05-D0ED8DB7C269}.Win8.1 Release|Win32.Build.0 = Release|Win32
		{344897C3-A242-4176-AF05-D0ED8DB7C269}.Win8.1 Release|x64.ActiveCfg = Release|x64
		{344897C3-A242-4176-AF05-D0ED8DB7C269}.Win8.1 Release|x64.Build.0 = Release|x64
		{2ADFF254-F976-4245-AE4C-4D3C4DDB1929}.Debug|Win32.ActiveCfg = Debug|Win32
		{2ADFF254-F976-4245-AE4C-4D3C4DDB1929}.Debug|Win32.Build.0 = Debug|Win32
		{2ADFF254-F976-4245-AE4C-4D3C4DDB1929}.Debug|Win32.Deploy.0 = Debug|Win32
		{2ADFF254-F976-4245-AE4C-4D3C4DDB1929}.Debug|x64.ActiveCfg = Debug|Win32
		{2ADFF254-F976-4245-AE4C-4D3C4DDB1929}.KMDF Victim 7 Debug|Win32.ActiveCfg = Victim7 Debug|Win32
		{2ADFF254-F976-4245-AE4C-4D3C4DDB1929}.KMDF Victim 7 Debug|Win32.Build.0 = Victim7 Debug|Win32
		{2ADFF254-F976-4245-AE4C-4D3C4DDB1929}.KMDF Victim 7 Debug|x64.ActiveCfg = Debug|Win32
		{2ADFF254-F976-4245-AE4C-4D3C4DDB1929}.Release_sneezy|Win32.ActiveCfg = Release|Win32
		{2ADFF254-F976-4245-AE4C-4D3C4DDB1929}.Release_sneezy|Win32.Build.0 = Release|Win32
		{2ADFF254-F976-4245-AE4C-4D3C4DDB1929}.Release_sneezy|Win32.Deploy.0 = Release|Win32
		{2ADFF254-F976-4245-AE4C-4D3C4DDB1929}.Release_sneezy|x64.ActiveCfg = Release|Win32
		{2ADFF254-F976-4245-AE4C-4D3C4DDB1929}.Release|Win32.ActiveCfg = Release|Win32
		{2ADFF254-F976-4245-AE4C-4D3C4DDB1929}.Release|Win32.Deploy.0 = Release|Win32
		{2ADFF254-F976-4245-AE4C-4D3C4DDB1929}.Release|x64.ActiveCfg = Release|Win32
		{2ADFF254-F976-4245-AE4C-4D3C4DDB1929}.Victim 7 Debug KMDF|Win32.ActiveCfg = Debug|Win32
		{2ADFF254-F976-4245-AE4C-4D3C4DDB1929}.Victim 7 Debug KMDF|Win32.Build.0 = Debug|Win32
		{2ADFF254-F976-4245-AE4C-4D3C4DDB1929}.Victim 7 Debug KMDF|x64.ActiveCfg = Debug|Win32
		{2ADFF254-F976-4245-AE4C-4D3C4DDB1929}.Victim 7 Debug|Win32.ActiveCfg = Victim7 Debug|Win32
		{2ADFF254-F976-4245-AE4C-4D3C4DDB1929}.Victim 7 Debug|Win32.Build.0 = Victim7 Debug|Win32
		{2ADFF254-F976-4245-AE4C-4D3C4DDB1929}.Victim 7 Debug|Win32.Deploy.0 = Victim7 Debug|Win32
		{2ADFF254-F976-4245-AE4C-4D3C4DDB1929}.Victim 7 Debug|x64.ActiveCfg = Debug|Win32
		{2ADFF254-F976-4245-AE4C-4D3C4DDB1929}.Victim7 Debug|Win32.ActiveCfg = Victim7 Debug|Win32
		{2ADFF254-F976-4245-AE4C-4D3C4DDB1929}.Victim7 Debug|Win32.Build.0 = Victim7 Debug|Win32
		{2ADFF254-F976-4245-AE4C-4D3C4DDB1929}.Victim7 Debug|x64.ActiveCfg = Victim7 Debug|Win32
		{2ADFF254-F976-4245-AE4C-4D3C4DDB1929}.Win7 Debug|Win32.ActiveCfg = Debug|Win32
		{2ADFF254-F976-4245-AE4C-4D3C4DDB1929}.Win7 Debug|Win32.Build.0 = Debug|Win32
		{2ADFF254-F976-4245-AE4C-4D3C4DDB1929}.Win7 Debug|x64.ActiveCfg = Debug|Win32
		{2ADFF254-F976-4245-AE4C-4D3C4DDB1929}.Win7 Release|Win32.ActiveCfg = Release|Win32
		{2ADFF254-F976-4245-AE4C-4D3C4DDB1929}.Win7 Release|Win32.Build.0 = Release|Win32
		{2ADFF254-F976-4245-AE4C-4D3C4DDB1929}.Win7 Release|Win32.Deploy.0 = Release|Win32
		{2ADFF254-F976-4245-AE4C-4D3C4DDB1929}.Win7 Release|x64.ActiveCfg = Release|Win32
		{2ADFF254-F976-4245-AE4C-4D3C4DDB1929}.Win8 Debug|Win32.ActiveCfg = Debug|Win32
		{2ADFF254-F976-4245-AE4C-4D3C4DDB1929}.Win8 Debug|Win32.Build.0 = Debug|Win32
		{2ADFF254-F976-4245-AE4C-4D3C4DDB1929}.Win8 Debug|Win32.Deploy.0 = Debug|Win32
		{2ADFF254-F976-4245-AE4C-4D3C4DDB1929}.Win8 Debug|x64.ActiveCfg = Debug|Win32
		{2ADFF254-F976-4245-AE4C-4D3C4DDB1929}.Win8 Release|Win32.ActiveCfg = Release|Win32
		{2ADFF254-F976-4245-AE4C-4D3C4DDB1929}.Win8 Release|Win32.Build.0 = Release|Win32
		{2ADFF254-F976-4245-AE4C-4D3C4DDB1929}.Win8 Release|Win32.Deploy.0 = Release|Win32
		{2ADFF254-F976-4245-AE4C-4D3C4DDB1929}.Win8 Release|x64.ActiveCfg = Release|Win32
		{2ADFF254-F976-4245-AE4C-4D3C4DDB1929}.Win8.1 Debug|Win32.ActiveCfg = Debug|Win32
		{2ADFF254-F976-4245-AE4C-4D3C4DDB1929}.Win8.1 Debug|Win32.Build.0 = Debug|Win32
		{2ADFF254-F976-4245-AE4C-4D3C4DDB1929}.Win8.1 Debug|Win32.Deploy.0 = Debug|Win32
		{2ADFF254-F976-4245-AE4C-4D3C4DDB1929}.Win8.1 Debug|x64.ActiveCfg = Debug|Win32
		{2ADFF254-F976-4245-AE4C-4D3C4DDB1929}.Win8.1 Release|Win32.ActiveCfg = Release|Win32
		{2ADFF254-F976-4245-AE4C-4D3C4DDB1929}.Win8.1 Release|Win32.Build.0 = Release|Win32
		{2ADFF254-F976-4245-AE4C-4D3C4DDB1929}.Win8.1 Release|Win32.Deploy.0 = Release|Win32
		{2ADFF254-F976-4245-AE4C-4D3C4DDB1929}.Win8.1 Release|x64.ActiveCfg = Release|Win32
		{3BB34374-08A7-4AEE-8ABC-8960902D0084}.Debug|Win32.ActiveCfg = Debug|Win32
		{3BB34374-08A7-4AEE-8ABC-8960902D0084}.Debug|Win32.Build.0 = Debug|Win32
		{3BB34374-08A7-4AEE-8ABC-8960902D0084}.Debug|x64.ActiveCfg = Debug|Win32
		{3BB34374-08A7-4AEE-8ABC-8960902D0084}.KMDF Victim 7 Debug|Win32.ActiveCfg = Debug|Win32
		{3BB34374-08A7-4AEE-8ABC-8960902D0084}.KMDF Victim 7 Debug|Win32.Build.0 = Debug|Win32
		{3BB34374-08A7-4AEE-8ABC-8960902D0084}.KMDF Victim 7 Debug|x64.ActiveCfg = Debug|Win32
		{3BB34374-08A7-4AEE-8ABC-8960902D0084}.Release_sneezy|Win32.ActiveCfg = Release|Win32
		{3BB34374-08A7-4AEE-8ABC-8960902D0084}.Release_sneezy|Win32.Build.0 = Release|Win32
		{3BB34374-08A7-4AEE-8ABC-8960902D0084}.Release_sneezy|x64.ActiveCfg = Release|Win32
		{3BB34374-08A7-4AEE-8ABC-8960902D0084}.Release|Win32.ActiveCfg = Release|Win32
		{3BB34374-08A7-4AEE-8ABC-8960902D0084}.Release|Win32.Build.0 = Release|Win32
		{3BB34374-08A7-4AEE-8ABC-8960902D0084}.Release|x64.ActiveCfg = Release|Win32
		{3BB34374-08A7-4AEE-8ABC-8960902D0084}.Victim 7 Debug KMDF|Win32.ActiveCfg = Debug|Win32
		{3BB34374-08A7-4AEE-8ABC-8960902D0084}.Victim 7 Debug KMDF|Win32.Build.0 = Debug|Win32
		{3BB34374-08A7-4AEE-8ABC-8960902D0084}.Victim 7 Debug KMDF|x64.ActiveCfg = Debug|Win32
		{3BB34374-08A7-4AEE-8ABC-8960902D0084}.Victim 7 Debug|Win32.ActiveCfg = Debug|Win32
		{3BB34374-08A7-4AEE-8ABC-8960902D0084}.Victim 7 Debug|Win32.Build.0 = Debug|Win32
		{3BB34374-08A7-4AEE-8ABC-8960902D0084}.Victim 7 Debug|x64.ActiveCfg = Debug|Win32
		{3BB34374-08A7-4AEE-8ABC-8960902D0084}.Victim7 Debug|Win32.ActiveCfg = Debug|Win32
		{3BB34374-08A7-4AEE-8ABC-8960902D0084}.Victim7 Debug|Win32.Build.0 = Debug|Win32
		{3BB34374-08A7-4AEE-8ABC-8960902D0084}.Victim7 Debug|x64.ActiveCfg = Debug|Win32
		{3BB34374-08A7-4AEE-8ABC-8960902D0084}.Win7 Debug|Win32.ActiveCfg = Debug|Win32
		{3BB34374-08A7-4AEE-8ABC-8960902D0084}.Win7 Debug|Win32.Build.0 = Debug|Win32
		{3BB34374-08A7-4AEE-8ABC-8960902D0084}.Win7 Debug|x64.ActiveCfg = Debug|Win32
		{3BB34374-08A7-4AEE-8ABC-8960902D0084}.Win7 Release|Win32.ActiveCfg = Release|Win32
		{3BB34374-08A7-4AEE-8ABC-8960902D0084}.Win7 Release|Win32.Build.0 = Release|Win32
		{3BB34374-08A7-4AEE-8ABC-8960902D0084}.Win7 Release|x64.ActiveCfg = Release|Win32
		{3BB34374-08A7-4AEE-8ABC-8960902D0084}.Win8 Debug|Win32.ActiveCfg = Debug|Win32
		{3BB34374-08A7-4AEE-8ABC-8960902D0084}.Win8 Debug|Win32.Build.0 = Debug|Win32
		{3BB34374-08A7-4AEE-8ABC-8960902D0084}.Win8 Debug|x64.ActiveCfg = Debug|Win32
		{3BB34374-08A7-4AEE-8ABC-8960902D0084}.Win8 Release|Win32.ActiveCfg = Release|Win32
		{3BB34374-08A7-4AEE-8ABC-8960902D0084}.Win8 Release|Win32.Build.0 = Release|Win32
		{3BB34374-08A7-4AEE-8ABC-8960902D0084}.Win8 Release|x64.ActiveCfg = Release|Win32
		{3BB34374-08A7-4AEE-8ABC-8960902D0084}.Win8.1 Debug|Win32.ActiveCfg = Debug|Win32
		{3BB34374-08A7-4AEE-8ABC-8960902D0084}.Win8.1 Debug|Win32.Build.0 = Debug|Win32
		{3BB34374-08A7-4AEE-8ABC-8960902D0084}.Win8.1 Debug|x64.ActiveCfg = Debug|Win32
		{3BB34374-08A7-4AEE-8ABC-8960902D0084}.Win8.1 Release|Win32.ActiveCfg = Release|Win32
		{3BB34374-08A7-4AEE-8ABC-8960902D0084}.Win8.1 Release|Win32.Build.0 = Release|Win32
		{3BB34374-08A7-4AEE-8ABC-8960902D0084}.Win8.1 Release|x64.ActiveCfg = Release|Win32
		{23AC6619-86D8-478B-B797-65BB42548372}.Debug|Win32.ActiveCfg = Debug|Win32
		{23AC6619-86D8-478B-B797-65BB42548372}.Debug|Win32.Build.0 = Debug|Win32
		{23AC6619-86D8-478B-B797-65BB42548372}.Debug|x64.ActiveCfg = Debug|Win32
		{23AC6619-86D8-478B-B797-65BB42548372}.KMDF Victim 7 Debug|Win32.ActiveCfg = Debug|Win32
		{23AC6619-86D8-478B-B797-65BB42548372}.KMDF Victim 7 Debug|Win32.Build.0 = Debug|Win32
		{23AC6619-86D8-478B-B797-65BB42548372}.KMDF Victim 7 Debug|x64.ActiveCfg = Debug|Win32
		{23AC6619-86D8-478B-B797-65BB42548372}.Release_sneezy|Win32.ActiveCfg = Release|Win32
		{23AC6619-86D8-478B-B797-65BB42548372}.Release_sneezy|Win32.Build.0 = Release|Win32
		{23AC6619-86D8-478B-B797-65BB42548372}.Release_sneezy|x64.ActiveCfg = Release|Win32
		{23AC6619-86D8-478B-B797-65BB42548372}.Release|Win32.ActiveCfg = Release|Win32
		{23AC6619-86D8-478B-B797-65BB42548372}.Release|Win32.Build.0 = Release|Win32
		{23AC6619-86D8-478B-B797-65BB42548372}.Release|x64.ActiveCfg = Release|Win32
		{23AC6619-86D8-478B-B797-65BB42548372}.Victim 7 Debug KMDF|Win32.ActiveCfg = Debug|Win32
		{23AC6619-86D8-478B-B797-65BB42548372}.Victim 7 Debug KMDF|Win32.Build.0 = Debug|Win32
		{23AC6619-86D8-478B-B797-65BB42548372}.Victim 7 Debug KMDF|x64.ActiveCfg = Debug|Win32
		{23AC6619-86D8-478B-B797-65BB42548372}.Victim 7 Debug|Win32.ActiveCfg = Debug|Win32
		{23AC6619-86D8-478B-B797-65BB42548372}.Victim 7 Debug|Win32.Build.0 = Debug|Win32
		{23AC6619-86D8-478B-B797-65BB42548372}.Victim 7 Debug|x64.ActiveCfg = Debug|Win32
		{23AC6619-86D8-478B-B797-65BB42548372}.Victim7 Debug|Win32.ActiveCfg = Debug|Win32
		{23AC6619-86D8-478B-B797-65BB42548372}.Victim7 Debug|Win32.Build.0 = Debug|Win32
		{23AC6619-86D8-478B-B797-65BB42548372}.Victim7 Debug|x64.ActiveCfg = Debug|Win32
		{23AC6619-86D8-478B-B797-65BB42548372}.Win7 Debug|Win32.ActiveCfg = Debug|Win32
		{23AC6619-86D8-478B-B797-65BB42548372}.Win7 Debug|Win32.Build.0 = Debug|Win32
		{23AC6619-86D8-478B-B797-65BB42548372}.Win7 Debug|x64.ActiveCfg = Debug|Win32
		{23AC6619-86D8-478B-B797-65BB42548372}.Win7 Release|Win32.ActiveCfg = Release|Win32
		{23AC6619-86D8-478B-B797-65BB42548372}.Win7 Release|Win32.Build.0 = Release|Win32
		{23AC6619-86D8-478B-B797-65BB42548372}.Win7 Release|x64.ActiveCfg = Release|Win32
		{23AC6619-86D8-478B-B797-65BB42548372}.Win8 Debug|Win32.ActiveCfg = Debug|Win32
		{23AC6619-86D8-478B-B797-65BB42548372}.Win8 Debug|Win32.Build.0 = Debug|Win32
		{23AC6619-86D8-478B-B797-65BB42548372}.Win8 Debug|x64.ActiveCfg = Debug|Win32
		{23AC6619-86D8-478B-B797-65BB42548372}.Win8 Release|Win32.ActiveCfg = Release|Win32
		{23AC6619-86D8-478B-B797-65BB42548372}.Win8 Release|Win32.Build.0 = Release|Win32
		{23AC6619-86D8-478B-B797-65BB42548372}.Win8 Release|x64.ActiveCfg = Release|Win32
		{23AC6619-86D8-478B-B797-65BB42548372}.Win8.1 Debug|Win32.ActiveCfg = Debug|Win32
		{23AC6619-86D8-478B-B797-65BB42548372}.Win8.1 Debug|Win32.Build.0 = Debug|Win32
		{23AC6619-86D8-478B-B797-65BB42548372}.Win8.1 Debug|x64.ActiveCfg = Debug|Win32
		{23AC6619-86D8-478B-B797-65BB42548372}.Win8.1 Release|Win32.ActiveCfg = Release|Win32
		{23AC6619-86D8-478B-B797-65BB42548372}.Win8.1 Release|Win32.Build.0 = Release|Win32
		{23AC6619-86D8-478B-B797-65BB42548372}.Win8.1 Release|x64.ActiveCfg = Release|Win32
		{0E23A4D3-8DF7-48AC-9326-ED0F87B2B606}.Debug|Win32.ActiveCfg = Debug|Win32
		{0E23A4D3-8DF7-48AC-9326-ED0F87B2B606}.Debug|Win32.Build.0 = Debug|Win32
		{0E23A4D3-8DF7-48AC-9326-ED0F87B2B606}.Debug|x64.ActiveCfg = Debug|Win32
		{0E23A4D3-8DF7-48AC-9326-ED0F87B2B606}.KMDF Victim 7 Debug|Win32.ActiveCfg = Debug|Win32
		{0E23A4D3-8DF7-48AC-9326-ED0F87B2B606}.KMDF Victim 7 Debug|Win32.Build.0 = Debug|Win32
		{0E23A4D3-8DF7-48AC-9326-ED0F87B2B606}.KMDF Victim 7 Debug|x64.ActiveCfg = Debug|Win32
		{0E23A4D3-8DF7-48AC-9326-ED0F87B2B606}.Release_sneezy|Win32.ActiveCfg = Release|Win32
		{0E23A4D3-8DF7-48AC-9326-ED0F87B2B606}.Release_sneezy|Win32.Build.0 = Release|Win32
		{0E23A4D3-8DF7-48AC-9326-ED0F87B2B606}.Release_sneezy|x64.ActiveCfg = Release|Win32
		{0E23A4D3-8DF7-48AC-9326-ED0F87B2B606}.Release|Win32.ActiveCfg = Release|Win32
		{0E23A4D3-8DF7-48AC-9326-ED0F87B2B606}.Release|Win32.Build.0 = Release|Win32
		{0E23A4D3-8DF7-48AC-9326-ED0F87B2B606}.Release|x64.ActiveCfg = Release|Win32
		{0E23A4D3-8DF7-48AC-9326-ED0F87B2B606}.Victim 7 Debug KMDF|Win32.ActiveCfg = Debug|Win32
		{0E23A4D3-8DF7-48AC-9326-ED0F87B2B606}.Victim 7 Debug KMDF|Win32.Build.0 = Debug|Win32
		{0E23A4D3-8DF7-48AC-9326-ED0F87B2B606}.Victim 7 Debug KMDF|x64.ActiveCfg = Debug|Win32
		{0E23A4D3-8DF7-48AC-9326-ED0F87B2B606}.Victim 7 Debug|Win32.ActiveCfg = Debug|Win32
		{0E23A4D3-8DF7-48AC-9326-ED0F87B2B606}.Victim 7 Debug|Win32.Build.0 = Debug|Win32
		{0E23A4D3-8DF7-48AC-9326-ED0F87B2B606}.Victim 7 Debug|x64.ActiveCfg = Debug|Win32
		{0E23A4D3-8DF7-48AC-9326-ED0F87B2B606}.Victim7 Debug|Win32.ActiveCfg = Debug|Win32
		{0E23A4D3-8DF7-48AC-9326-ED0F87B2B606}.Victim7 Debug|Win32.Build.0 = Debug|Win32
		{0E23A4D3-8DF7-48AC-9326-ED0F87B2B606}.Victim7 Debug|x64.ActiveCfg = Debug|Win32
		{0E23A4D3-8DF7-48AC-9326-ED0F87B2B606}.Win7 Debug|Win32.ActiveCfg = Debug|Win32
		{0E23A4D3-8DF7-48AC-9326-ED0F87B2B606}.Win7 Debug|Win32.Build.0 = Debug|Win32
		{0E23A4D3-8DF7-48AC-9326-ED0F87B2B606}.Win7 Debug|x64.ActiveCfg = Debug|Win32
		{0E23A4D3-8DF7-48AC-9326-ED0F87B2B606}.Win7 Release|Win32.ActiveCfg = Release|Win32
		{0E23A4D3-8DF7-48AC-9326-ED0F87B2B606}.Win7 Release|Win32.Build.0 = Release|Win32
		{0E23A4D3-8DF7-48AC-9326-ED0F87B2B606}.Win7 Release|x64.ActiveCfg = Release|Win32
		{0E23A4D3-8DF7-48AC-9326-ED0F87B2B606}.Win8 Debug|Win32.ActiveCfg = Debug|Win32
		{0E23A4D3-8DF7-48AC-9326-ED0F87B2B606}.Win8 Debug|Win32.Build.0 = Debug|Win32
		{0E23A4D3-8DF7-48AC-9326-ED0F87B2B606}.Win8 Debug|x64.ActiveCfg = Debug|Win32
		{0E23A4D3-8DF7-48AC-9326-ED0F87B2B606}.Win8 Release|Win32.ActiveCfg = Release|Win32
		{0E23A4D3-8DF7-48AC-9326-ED0F87B2B606}.Win8 Release|Win32.Build.0 = Release|Win32
		{0E23A4D3-8DF7-48AC-9326-ED0F87B2B606}.Win8 Release|x64.ActiveCfg = Release|Win32
		{0E23A4D3-8DF7-48AC-9326-ED0F87B2B606}.Win8.1 Debug|Win32.ActiveCfg = Debug|Win32
		{0E23A4D3-8DF7-48AC-9326-ED0F87B2B606}.Win8.1 Debug|Win32.Build.0 = Debug|Win32
		{0E23A4D3-8DF7-48AC-9326-ED0F87B2B606}.Win8.1 Debug|x64.ActiveCfg = Debug|Win32
		{0E23A4D3-8DF7-48AC-9326-ED0F87B2B606}.Win8.1 Release|Win32.ActiveCfg = Release|Win32
		{0E23A4D3-8DF7-48AC-9326-ED0F87B2B606}.Win8.1 Release|Win32.Build.0 = Release|Win32
		{0E23A4D3-8DF7-48AC-9326-ED0F87B2B606}.Win8.1 Release|x64.ActiveCfg = Release|Win32
		{B3EBCF5D-18F6-42E4-8A7E-FFBA276C9181}.Debug|Win32.ActiveCfg = Debug|Win32
		{B3EBCF5D-18F6-42E4-8A7E-FFBA276C9181}.Debug|Win32.Build.0 = Debug|Win32
		{B3EBCF5D-18F6-42E4-8A7E-FFBA276C9181}.Debug|x64.ActiveCfg = Debug|x64
		{B3EBCF5D-18F6-42E4-8A7E-FFBA276C9181}.Debug|x64.Build.0 = Debug|x64
		{B3EBCF5D-18F6-42E4-8A7E-FFBA276C9181}.KMDF Victim 7 Debug|Win32.ActiveCfg = Debug|Win32
		{B3EBCF5D-18F6-42E4-8A7E-FFBA276C9181}.KMDF Victim 7 Debug|Win32.Build.0 = Debug|Win32
		{B3EBCF5D-18F6-42E4-8A7E-FFBA276C9181}.KMDF Victim 7 Debug|x64.ActiveCfg = Debug|x64
		{B3EBCF5D-18F6-42E4-8A7E-FFBA276C9181}.KMDF Victim 7 Debug|x64.Build.0 = Debug|x64
		{B3EBCF5D-18F6-42E4-8A7E-FFBA276C9181}.Release_sneezy|Win32.ActiveCfg = Release|Win32
		{B3EBCF5D-18F6-42E4-8A7E-FFBA276C9181}.Release_sneezy|Win32.Build.0 = Release|Win32
		{B3EBCF5D-18F6-42E4-8A7E-FFBA276C9181}.Release_sneezy|x64.ActiveCfg = Release|x64
		{B3EBCF5D-18F6-42E4-8A7E-FFBA276C9181}.Release_sneezy|x64.Build.0 = Release|x64
		{B3EBCF5D-18F6-42E4-8A7E-FFBA276C9181}.Release|Win32.ActiveCfg = Release|Win32
		{B3EBCF5D-18F6-42E4-8A7E-FFBA276C9181}.Release|Win32.Build.0 = Release|Win32
		{B3EBCF5D-18F6-42E4-8A7E-FFBA276C9181}.Release|x64.ActiveCfg = Release|x64
		{B3EBCF5D-18F6-42E4-8A7E-FFBA276C9181}.Release|x64.Build.0 = Release|x64
		{B3EBCF5D-18F6-42E4-8A7E-FFBA276C9181}.Victim 7 Debug KMDF|Win32.ActiveCfg = Victim7 Debug|Win32
		{B3EBCF5D-18F6-42E4-8A7E-FFBA276C9181}.Victim 7 Debug KMDF|Win32.Build.0 = Victim7 Debug|Win32
		{B3EBCF5D-18F6-42E4-8A7E-FFBA276C9181}.Victim 7 Debug KMDF|x64.ActiveCfg = Victim7 Debug|x64
		{B3EBCF5D-18F6-42E4-8A7E-FFBA276C9181}.Victim 7 Debug KMDF|x64.Build.0 = Victim7 Debug|x64
		{B3EBCF5D-18F6-42E4-8A7E-FFBA276C9181}.Victim 7 Debug|Win32.ActiveCfg = Victim7 Debug|Win32
		{B3EBCF5D-18F6-42E4-8A7E-FFBA276C9181}.Victim 7 Debug|Win32.Build.0 = Victim7 Debug|Win32
		{B3EBCF5D-18F6-42E4-8A7E-FFBA276C9181}.Victim 7 Debug|x64.ActiveCfg = Victim7 Debug|x64
		{B3EBCF5D-18F6-42E4-8A7E-FFBA276C9181}.Victim 7 Debug|x64.Build.0 = Victim7 Debug|x64
		{B3EBCF5D-18F6-42E4-8A7E-FFBA276C9181}.Victim7 Debug|Win32.ActiveCfg = Victim7 Debug|Win32
		{B3EBCF5D-18F6-42E4-8A7E-FFBA276C9181}.Victim7 Debug|Win32.Build.0 = Victim7 Debug|Win32
		{B3EBCF5D-18F6-42E4-8A7E-FFBA276C9181}.Victim7 Debug|x64.ActiveCfg = Victim7 Debug|x64
		{B3EBCF5D-18F6-42E4-8A7E-FFBA276C9181}.Victim7 Debug|x64.Build.0 = Victim7 Debug|x64
		{B3EBCF5D-18F6-42E4-8A7E-FFBA276C9181}.Win7 Debug|Win32.ActiveCfg = Debug|Win32
		{B3EBCF5D-18F6-42E4-8A7E-FFBA276C9181}.Win7 Debug|Win32.Build.0 = Debug|Win32
		{B3EBCF5D-18F6-42E4-8A7E-FFBA276C9181}.Win7 Debug|x64.ActiveCfg = Debug|x64
		{B3EBCF5D-18F6-42E4-8A7E-FFBA276C9181}.Win7 Debug|x64.Build.0 = Debug|x64
		{B3EBCF5D-18F6-42E4-8A7E-FFBA276C9181}.Win7 Release|Win32.ActiveCfg = Release|Win32
		{B3EBCF5D-18F6-42E4-8A7E-FFBA276C9181}.Win7 Release|Win32.Build.0 = Release|Win32
		{B3EBCF5D-18F6-42E4-8A7E-FFBA276C9181}.Win7 Release|x64.ActiveCfg = Release|x64
		{B3EBCF5D-18F6-42E4-8A7E-FFBA276C9181}.Win7 Release|x64.Build.0 = Release|x64
		{B3EBCF5D-18F6-42E4-8A7E-FFBA276C9181}.Win8 Debug|Win32.ActiveCfg = Debug|Win32
		{B3EBCF5D-18F6-42E4-8A7E-FFBA276C9181}.Win8 Debug|Win32.Build.0 = Debug|Win32
		{B3EBCF5D-18F6-42E4-8A7E-FFBA276C9181}.Win8 Debug|x64.ActiveCfg = Debug|x64
		{B3EBCF5D-18F6-42E4-8A7E-FFBA276C9181}.Win8 Debug|x64.Build.0 = Debug|x64
		{B3EBCF5D-18F6-42E4-8A7E-FFBA276C9181}.Win8 Release|Win32.ActiveCfg = Release|Win32
		{B3EBCF5D-18F6-42E4-8A7E-FFBA276C9181}.Win8 Release|Win32.Build.0 = Release|Win32
		{B3EBCF5D-18F6-42E4-8A7E-FFBA276C9181}.Win8 Release|x64.ActiveCfg = Release|x64
		{B3EBCF5D-18F6-42E4-8A7E-FFBA276C9181}.Win8 Release|x64.Build.0 = Release|x64
		{B3EBCF5D-18F6-42E4-8A7E-FFBA276C9181}.Win8.1 Debug|Win32.ActiveCfg = Debug|Win32
		{B3EBCF5D-18F6-42E4-8A7E-FFBA276C9181}.Win8.1 Debug|Win32.Build.0 = Debug|Win32
		{B3EBCF5D-18F6-42E4-8A7E-FFBA276C9181}.Win8.1 Debug|x64.ActiveCfg = Debug|x64
		{B3EBCF5D-18F6-42E4-8A7E-FFBA276C9181}.Win8.1 Debug|x64.Build.0 = Debug|x64
		{B3EBCF5D-18F6-42E4-8A7E-FFBA276C9181}.Win8.1 Release|Win32.ActiveCfg = Release|Win32
		{B3EBCF5D-18F6-42E4-8A7E-FFBA276C9181}.Win8.1 Release|Win32.Build.0 = Release|Win32
		{B3EBCF5D-18F6-42E4-8A7E-FFBA276C9181}.Win8.1 Release|x64.ActiveCfg = Release|x64
		{B3EBCF5D-18F6-42E4-8A7E-FFBA276C9181}.Win8.1 Release|x64.Build.0 = Release|x64
		{8264927F-3AB9-4569-A5DA-80FF869EA711}.Debug|Win32.ActiveCfg = Win8.1 Debug|Win32
		{8264927F-3AB9-4569-A5DA-80FF869EA711}.Debug|Win32.Build.0 = Win8.1 Debug|Win32
		{8264927F-3AB9-4569-A5DA-80FF869EA711}.Debug|Win32.Deploy.0 = Win8.1 Debug|Win32
		{8264927F-3AB9-4569-A5DA-80FF869EA711}.Debug|x64.ActiveCfg = Win8.1 Debug|x64
		{8264927F-3AB9-4569-A5DA-80FF869EA711}.Debug|x64.Build.0 = Win8.1 Debug|x64
		{8264927F-3AB9-4569-A5DA-80FF869EA711}.Debug|x64.Deploy.0 = Win8.1 Debug|x64
		{8264927F-3AB9-4569-A5DA-80FF869EA711}.KMDF Victim 7 Debug|Win32.ActiveCfg = Win8.1 Release|Win32
		{8264927F-3AB9-4569-A5DA-80FF869EA711}.KMDF Victim 7 Debug|Win32.Build.0 = Win8.1 Release|Win32
		{8264927F-3AB9-4569-A5DA-80FF869EA711}.KMDF Victim 7 Debug|Win32.Deploy.0 = Win8.1 Release|Win32
		{8264927F-3AB9-4569-A5DA-80FF869EA711}.KMDF Victim 7 Debug|x64.ActiveCfg = Win8.1 Release|x64
		{8264927F-3AB9-4569-A5DA-80FF869EA711}.KMDF Victim 7 Debug|x64.Build.0 = Win8.1 Release|x64
		{8264927F-3AB9-4569-A5DA-80FF869EA711}.KMDF Victim 7 Debug|x64.Deploy.0 = Win8.1 Release|x64
		{8264927F-3AB9-4569-A5DA-80FF869EA711}.Release_sneezy|Win32.ActiveCfg = Win8.1 Release|Win32
		{8264927F-3AB9-4569-A5DA-80FF869EA711}.Release_sneezy|Win32.Build.0 = Win8.1 Release|Win32
		{8264927F-3AB9-4569-A5DA-80FF869EA711}.Release_sneezy|Win32.Deploy.0 = Win8.1 Release|Win32
		{8264927F-3AB9-4569-A5DA-80FF869EA711}.Release_sneezy|x64.ActiveCfg = Win8.1 Release|x64
		{8264927F-3AB9-4569-A5DA-80FF869EA711}.Release_sneezy|x64.Build.0 = Win8.1 Release|x64
		{8264927F-3AB9-4569-A5DA-80FF869EA711}.Release_sneezy|x64.Deploy.0 = Win8.1 Release|x64
		{8264927F-3AB9-4569-A5DA-80FF869EA711}.Release|Win32.ActiveCfg = Win8.1 Release|Win32
		{8264927F-3AB9-4569-A5DA-80FF869EA711}.Release|Win32.Build.0 = Win8.1 Release|Win32
		{8264927F-3AB9-4569-A5DA-80FF869EA711}.Release|Win32.Deploy.0 = Win8.1 Release|Win32
		{8264927F-3AB9-4569-A5DA-80FF869EA711}.Release|x64.ActiveCfg = Win8.1 Release|x64
		{8264927F-3AB9-4569-A5DA-80FF869EA711}.Release|x64.Build.0 = Win8.1 Release|x64
		{8264927F-3AB9-4569-A5DA-80FF869EA711}.Release|x64.Deploy.0 = Win8.1 Release|x64
		{8264927F-3AB9-4569-A5DA-80FF869EA711}.Victim 7 Debug KMDF|Win32.ActiveCfg = Win8.1 Release|Win32
		{8264927F-3AB9-4569-A5DA-80FF869EA711}.Victim 7 Debug KMDF|Win32.Build.0 = Win8.1 Release|Win32
		{8264927F-3AB9-4569-A5DA-80FF869EA711}.Victim 7 Debug KMDF|Win32.Deploy.0 = Win8.1 Release|Win32
		{8264927F-3AB9-4569-A5DA-80FF869EA711}.Victim 7 Debug KMDF|x64.ActiveCfg = Win8.1 Release|x64
		{8264927F-3AB9-4569-A5DA-80FF869EA711}.Victim 7 Debug KMDF|x64.Build.0 = Win8.1 Release|x64
		{8264927F-3AB9-4569-A5DA-80FF869EA711}.Victim 7 Debug KMDF|x64.Deploy.0 = Win8.1 Release|x64
		{8264927F-3AB9-4569-A5DA-80FF869EA711}.Victim 7 Debug|Win32.ActiveCfg = Win8.1 Release|Win32
		{8264927F-3AB9-4569-A5DA-80FF869EA711}.Victim 7 Debug|Win32.Build.0 = Win8.1 Release|Win32
		{8264927F-3AB9-4569-A5DA-80FF869EA711}.Victim 7 Debug|Win32.Deploy.0 = Win8.1 Release|Win32
		{8264927F-3AB9-4569-A5DA-80FF869EA711}.Victim 7 Debug|x64.ActiveCfg = Win8.1 Release|x64
		{8264927F-3AB9-4569-A5DA-80FF869EA711}.Victim 7 Debug|x64.Build.0 = Win8.1 Release|x64
		{8264927F-3AB9-4569-A5DA-80FF869EA711}.Victim 7 Debug|x64.Deploy.0 = Win8.1 Release|x64
		{8264927F-3AB9-4569-A5DA-80FF869EA711}.Victim7 Debug|Win32.ActiveCfg = Win8.1 Release|Win32
		{8264927F-3AB9-4569-A5DA-80FF869EA711}.Victim7 Debug|Win32.Build.0 = Win8.1 Release|Win32
		{8264927F-3AB9-4569-A5DA-80FF869EA711}.Victim7 Debug|Win32.Deploy.0 = Win8.1 Release|Win32
		{8264927F-3AB9-4569-A5DA-80FF869EA711}.Victim7 Debug|x64.ActiveCfg = Win8.1 Release|x64
		{8264927F-3AB9-4569-A5DA-80FF869EA711}.Victim7 Debug|x64.Build.0 = Win8.1 Release|x64
		{8264927F-3AB9-4569-A5DA-80FF869EA711}.Victim7 Debug|x64.Deploy.0 = Win8.1 Release|x64
		{8264927F-3AB9-4569-A5DA-80FF869EA711}.Win7 Debug|Win32.ActiveCfg = Win7 Debug|Win32
		{8264927F-3AB9-4569-A5DA-80FF869EA711}.Win7 Debug|Win32.Build.0 = Win7 Debug|Win32
		{8264927F-3AB9-4569-A5DA-80FF869EA711}.Win7 Debug|Win32.Deploy.0 = Win7 Debug|Win32
		{8264927F-3AB9-4569-A5DA-80FF869EA711}.Win7 Debug|x64.ActiveCfg = Win7 Debug|x64
		{8264927F-3AB9-4569-A5DA-80FF869EA711}.Win7 Debug|x64.Build.0 = Win7 Debug|x64
		{8264927F-3AB9-4569-A5DA-80FF869EA711}.Win7 Debug|x64.Deploy.0 = Win7 Debug|x64
		{8264927F-3AB9-4569-A5DA-80FF869EA711}.Win7 Release|Win32.ActiveCfg = Win7 Release|Win32
		{8264927F-3AB9-4569-A5DA-80FF869EA711}.Win7 Release|Win32.Build.0 = Win7 Release|Win32
		{8264927F-3AB9-4569-A5DA-80FF869EA711}.Win7 Release|Win32.Deploy.0 = Win7 Release|Win32
		{8264927F-3AB9-4569-A5DA-80FF869EA711}.Win7 Release|x64.ActiveCfg = Win7 Release|x64
		{8264927F-3AB9-4569-A5DA-80FF869EA711}.Win7 Release|x64.Build.0 = Win7 Release|x64
		{8264927F-3AB9-4569-A5DA-80FF869EA711}.Win7 Release|x64.Deploy.0 = Win7 Release|x64
		{8264927F-3AB9-4569-A5DA-80FF869EA711}.Win8 Debug|Win32.ActiveCfg = Win8 Debug|Win32
		{8264927F-3AB9-4569-A5DA-80FF869EA711}.Win8 Debug|Win32.Build.0 = Win8 Debug|Win32
		{8264927F-3AB9-4569-A5DA-80FF869EA711}.Win8 Debug|Win32.Deploy.0 = Win8 Debug|Win32
		{8264927F-3AB9-4569-A5DA-80FF869EA711}.Win8 Debug|x64.ActiveCfg = Win8 Debug|x64
		{8264927F-3AB9-4569-A5DA-80FF869EA711}.Win8 Debug|x64.Build.0 = Win8 Debug|x64
		{8264927F-3AB9-4569-A5DA-80FF869EA711}.Win8 Debug|x64.Deploy.0 = Win8 Debug|x64
		{8264927F-3AB9-4569-A5DA-80FF869EA711}.Win8 Release|Win32.ActiveCfg = Win8 Release|Win32
		{8264927F-3AB9-4569-A5DA-80FF869EA711}.Win8 Release|Win32.Build.0 = Win8 Release|Win32
		{8264927F-3AB9-4569-A5DA-80FF869EA711}.Win8 Release|Win32.Deploy.0 = Win8 Release|Win32
		{8264927F-3AB9-4569-A5DA-80FF869EA711}.Win8 Release|x64.ActiveCfg = Win8 Release|x64
		{8264927F-3AB9-4569-A5DA-80FF869EA711}.Win8 Release|x64.Build.0 = Win8 Release|x64
		{8264927F-3AB9-4569-A5DA-80FF869EA711}.Win8 Release|x64.Deploy.0 = Win8 Release|x64
		{8264927F-3AB9-4569-A5DA-80FF869EA711}.Win8.1 Debug|Win32.ActiveCfg = Win8.1 Debug|Win32
		{8264927F-3AB9-4569-A5DA-80FF869EA711}.Win8.1 Debug|Win32.Build.0 = Win8.1 Debug|Win32
		{8264927F-3AB9-4569-A5DA-80FF869EA711}.Win8.1 Debug|Win32.Deploy.0 = Win8.1 Debug|Win32
		{8264927F-3AB9-4569-A5DA-80FF869EA711}.Win8.1 Debug|x64.ActiveCfg = Win8.1 Debug|x64
		{8264927F-3AB9-4569-A5DA-80FF869EA711}.Win8.1 Debug|x64.Build.0 = Win8.1 Debug|x64
		{8264927F-3AB9-4569-A5DA-80FF869EA711}.Win8.1 Debug|x64.Deploy.0 = Win8.1 Debug|x64
		{8264927F-3AB9-4569-A5DA-80FF869EA711}.Win8.1 Release|Win32.ActiveCfg = Win8.1 Release|Win32
		{8264927F-3AB9-4569-A5DA-80FF869EA711}.Win8.1 Release|Win32.Build.0 = Win8.1 Release|Win32
		{8264927F-3AB9-4569-A5DA-80FF869EA711}.Win8.1 Release|Win32.Deploy.0 = Win8.1 Release|Win32
		{8264927F-3AB9-4569-A5DA-80FF869EA711}.Win8.1 Release|x64.ActiveCfg = Win8.1 Release|x64
		{8264927F-3AB9-4569-A5DA-80FF869EA711}.Win8.1 Release|x64.Build.0 = Win8.1 Release|x64
		{8264927F-3AB9-4569-A5DA-80FF869EA711}.Win8.1 Release|x64.Deploy.0 = Win8.1 Release|x64
		{B557A1DE-C85D-480D-8E3B-F2825055E682}.Debug|Win32.ActiveCfg = Win8.1 Debug|Win32
		{B557A1DE-C85D-480D-8E3B-F2825055E682}.Debug|Win32.Build.0 = Win8.1 Debug|Win32
		{B557A1DE-C85D-480D-8E3B-F2825055E682}.Debug|Win32.Deploy.0 = Win8.1 Debug|Win32
		{B557A1DE-C85D-480D-8E3B-F2825055E682}.Debug|x64.ActiveCfg = Win8.1 Debug|x64
		{B557A1DE-C85D-480D-8E3B-F2825055E682}.Debug|x64.Build.0 = Win8.1 Debug|x64
		{B557A1DE-C85D-480D-8E3B-F2825055E682}.Debug|x64.Deploy.0 = Win8.1 Debug|x64
		{B557A1DE-C85D-480D-8E3B-F2825055E682}.KMDF Victim 7 Debug|Win32.ActiveCfg = Win8.1 Release|Win32
		{B557A1DE-C85D-480D-8E3B-F2825055E682}.KMDF Victim 7 Debug|Win32.Build.0 = Win8.1 Release|Win32
		{B557A1DE-C85D-480D-8E3B-F2825055E682}.KMDF Victim 7 Debug|Win32.Deploy.0 = Win8.1 Release|Win32
		{B557A1DE-C85D-480D-8E3B-F2825055E682}.KMDF Victim 7 Debug|x64.ActiveCfg = Win8.1 Release|x64
		{B557A1DE-C85D-480D-8E3B-F2825055E682}.KMDF Victim 7 Debug|x64.Build.0 = Win8.1 Release|x64
		{B557A1DE-C85D-480D-8E3B-F2825055E682}.KMDF Victim 7 Debug|x64.Deploy.0 = Win8.1 Release|x64
		{B557A1DE-C85D-480D-8E3B-F2825055E682}.Release_sneezy|Win32.ActiveCfg = Win8.1 Release|Win32
		{B557A1DE-C85D-480D-8E3B-F2825055E682}.Release_sneezy|Win32.Build.0 = Win8.1 Release|Win32
		{B557A1DE-C85D-480D-8E3B-F2825055E682}.Release_sneezy|Win32.Deploy.0 = Win8.1 Release|Win32
		{B557A1DE-C85D-480D-8E3B-F2825055E682}.Release_sneezy|x64.ActiveCfg = Win8.1 Release|x64
		{B557A1DE-C85D-480D-8E3B-F2825055E682}.Release_sneezy|x64.Build.0 = Win8.1 Release|x64
		{B557A1DE-C85D-480D-8E3B-F2825055E682}.Release_sneezy|x64.Deploy.0 = Win8.1 Release|x64
		{B557A1DE-C85D-480D-8E3B-F2825055E682}.Release|Win32.ActiveCfg = Win8.1 Release|Win32
		{B557A1DE-C85D-480D-8E3B-F2825055E682}.Release|Win32.Build.0 = Win8.1 Release|Win32
		{B557A1DE-C85D-480D-8E3B-F2825055E682}.Release|Win32.Deploy.0 = Win8.1 Release|Win32
		{B557A1DE-C85D-480D-8E3B-F2825055E682}.Release|x64.ActiveCfg = Win8.1 Release|x64
		{B557A1DE-C85D-480D-8E3B-F2825055E682}.Release|x64.Build.0 = Win8.1 Release|x64
		{B557A1DE-C85D-480D-8E3B-F2825055E682}.Release|x64.Deploy.0 = Win8.1 Release|x64
		{B557A1DE-C85D-480D-8E3B-F2825055E682}.Victim 7 Debug KMDF|Win32.ActiveCfg = Win8.1 Release|Win32
		{B557A1DE-C85D-480D-8E3B-F2825055E682}.Victim 7 Debug KMDF|Win32.Build.0 = Win8.1 Release|Win32
		{B557A1DE-C85D-480D-8E3B-F2825055E682}.Victim 7 Debug KMDF|Win32.Deploy.0 = Win8.1 Release|Win32
		{B557A1DE-C85D-480D-8E3B-F2825055E682}.Victim 7 Debug KMDF|x64.ActiveCfg = Win8.1 Release|x64
		{B557A1DE-C85D-480D-8E3B-F2825055E682}.Victim 7 Debug KMDF|x64.Build.0 = Win8.1 Release|x64
		{B557A1DE-C85D-480D-8E3B-F2825055E682}.Victim 7 Debug KMDF|x64.Deploy.0 = Win8.1 Release|x64
		{B557A1DE-C85D-480D-8E3B-F2825055E682}.Victim 7 Debug|Win32.ActiveCfg = Win8.1 Release|Win32
		{B557A1DE-C85D-480D-8E3B-F2825055E682}.Victim 7 Debug|Win32.Build.0 = Win8.1 Release|Win32
		{B557A1DE-C85D-480D-8E3B-F2825055E682}.Victim 7 Debug|Win32.Deploy.0 = Win8.1 Release|Win32
		{B557A1DE-C85D-480D-8E3B-F2825055E682}.Victim 7 Debug|x64.ActiveCfg = Win8.1 Release|x64
		{B557A1DE-C85D-480D-8E3B-F2825055E682}.Victim 7 Debug|x64.Build.0 = Win8.1 Release|x64
		{B557A1DE-C85D-480D-8E3B-F2825055E682}.Victim 7 Debug|x64.Deploy.0 = Win8.1 Release|x64
		{B557A1DE-C85D-480D-8E3B-F2825055E682}.Victim7 Debug|Win32.ActiveCfg = Win8.1 Release|Win32
		{B557A1DE-C85D-480D-8E3B-F2825055E682}.Victim7 Debug|Win32.Build.0 = Win8.1 Release|Win32
		{B557A1DE-C85D-480D-8E3B-F2825055E682}.Victim7 Debug|Win32.Deploy.0 = Win8.1 Release|Win32
		{B557A1DE-C85D-480D-8E3B-F2825055E682}.Victim7 Debug|x64.ActiveCfg = Win8.1 Release|x64
		{B557A1DE-C85D-480D-8E3B-F2825055E682}.Victim7 Debug|x64.Build.0 = Win8.1 Release|x64
		{B557A1DE-C85D-480D-8E3B-F2825055E682}.Victim7 Debug|x64.Deploy.0 = Win8.1 Release|x64
		{B557A1DE-C85D-480D-8E3B-F2825055E682}.Win7 Debug|Win32.ActiveCfg = Win7 Debug|Win32
		{B557A1DE-C85D-480D-8E3B-F2825055E682}.Win7 Debug|Win32.Build.0 = Win7 Debug|Win32
		{B557A1DE-C85D-480D-8E3B-F2825055E682}.Win7 Debug|Win32.Deploy.0 = Win7 Debug|Win32
		{B557A1DE-C85D-480D-8E3B-F2825055E682}.Win7 Debug|x64.ActiveCfg = Win7 Debug|x64
		{B557A1DE-C85D-480D-8E3B-F2825055E682}.Win7 Debug|x64.Build.0 = Win7 Debug|x64
		{B557A1DE-C85D-480D-8E3B-F2825055E682}.Win7 Debug|x64.Deploy.0 = Win7 Debug|x64
		{B557A1DE-C85D-480D-8E3B-F2825055E682}.Win7 Release|Win32.ActiveCfg = Win7 Release|Win32
		{B557A1DE-C85D-480D-8E3B-F2825055E682}.Win7 Release|Win32.Build.0 = Win7 Release|Win32
		{B557A1DE-C85D-480D-8E3B-F2825055E682}.Win7 Release|Win32.Deploy.0 = Win7 Release|Win32
		{B557A1DE-C85D-480D-8E3B-F2825055E682}.Win7 Release|x64.ActiveCfg = Win7 Release|x64
		{B557A1DE-C85D-480D-8E3B-F2825055E682}.Win7 Release|x64.Build.0 = Win7 Release|x64
		{B557A1DE-C85D-480D-8E3B-F2825055E682}.Win7 Release|x64.Deploy.0 = Win7 Release|x64
		{B557A1DE-C85D-480D-8E3B-F2825055E682}.Win8 Debug|Win32.ActiveCfg = Win8 Debug|Win32
		{B557A1DE-C85D-480D-8E3B-F2825055E682}.Win8 Debug|Win32.Build.0 = Win8 Debug|Win32
		{B557A1DE-C85D-480D-8E3B-F2825055E682}.Win8 Debug|Win32.Deploy.0 = Win8 Debug|Win32
		{B557A1DE-C85D-480D-8E3B-F2825055E682}.Win8 Debug|x64.ActiveCfg = Win8 Debug|x64
		{B557A1DE-C85D-480D-8E3B-F2825055E682}.Win8 Debug|x64.Build.0 = Win8 Debug|x64
		{B557A1DE-C85D-480D-8E3B-F2825055E682}.Win8 Debug|x64.Deploy.0 = Win8 Debug|x64
		{B557A1DE-C85D-480D-8E3B-F2825055E682}.Win8 Release|Win32.ActiveCfg = Win8 Release|Win32
		{B557A1DE-C85D-480D-8E3B-F2825055E682}.Win8 Release|Win32.Build.0 = Win8 Release|Win32
		{B557A1DE-C85D-480D-8E3B-F2825055E682}.Win8 Release|Win32.Deploy.0 = Win8 Release|Win32
		{B557A1DE-C85D-480D-8E3B-F2825055E682}.Win8 Release|x64.ActiveCfg = Win8 Release|x64
		{B557A1DE-C85D-480D-8E3B-F2825055E682}.Win8 Release|x64.Build.0 = Win8 Release|x64
		{B557A1DE-C85D-480D-8E3B-F2825055E682}.Win8 Release|x64.Deploy.0 = Win8 Release|x64
		{B557A1DE-C85D-480D-8E3B-F2825055E682}.Win8.1 Debug|Win32.ActiveCfg = Win8.1 Debug|Win32
		{B557A1DE-C85D-480D-8E3B-F2825055E682}.Win8.1 Debug|Win32.Build.0 = Win8.1 Debug|Win32
		{B557A1DE-C85D-480D-8E3B-F2825055E682}.Win8.1 Debug|Win32.Deploy.0 = Win8.1 Debug|Win32
		{B557A1DE-C85D-480D-8E3B-F2825055E682}.Win8.1 Debug|x64.ActiveCfg = Win8.1 Debug|x64
		{B557A1DE-C85D-480D-8E3B-F2825055E682}.Win8.1 Debug|x64.Build.0 = Win8.1 Debug|x64
		{B557A1DE-C85D-480D-8E3B-F2825055E682}.Win8.1 Debug|x64.Deploy.0 = Win8.1 Debug|x64
		{B557A1DE-C85D-480D-8E3B-F2825055E682}.Win8.1 Release|Win32.ActiveCfg = Win8.1 Release|Win32
		{B557A1DE-C85D-480D-8E3B-F2825055E682}.Win8.1 Release|Win32.Build.0 = Win8.1 Release|Win32
		{B557A1DE-C85D-480D-8E3B-F2825055E682}.Win8.1 Release|Win32.Deploy.0 = Win8.1 Release|Win32
		{B557A1DE-C85D-480D-8E3B-F2825055E682}.Win8.1 Release|x64.ActiveCfg = Win8.1 Release|x64
		{B557A1DE-C85D-480D-8E3B-F2825055E682}.Win8.1 Release|x64.Build.0 = Win8.1 Release|x64
		{B557A1DE-C85D-480D-8E3B-F2825055E682}.Win8.1 Release|x64.Deploy.0 = Win8.1 Release|x64
		{8D9ADAE7-A694-4F08-A33F-B40E7C214A39}.Debug|Win32.ActiveCfg = Win8.1 Debug|Win32
		{8D9ADAE7-A694-4F08-A33F-B40E7C214A39}.Debug|Win32.Build.0 = Win8.1 Debug|Win32
		{8D9ADAE7-A694-4F08-A33F-B40E7C214A39}.Debug|Win32.Deploy.0 = Win8.1 Debug|Win32
		{8D9ADAE7-A694-4F08-A33F-B40E7C214A39}.Debug|x64.ActiveCfg = Win8.1 Debug|x64
		{8D9ADAE7-A694-4F08-A33F-B40E7C214A39}.Debug|x64.Build.0 = Win8.1 Debug|x64
		{8D9ADAE7-A694-4F08-A33F-B40E7C214A39}.Debug|x64.Deploy.0 = Win8.1 Debug|x64
		{8D9ADAE7-A694-4F08-A33F-B40E7C214A39}.KMDF Victim 7 Debug|Win32.ActiveCfg = Win8.1 Release|Win32
		{8D9ADAE7-A694-4F08-A33F-B40E7C214A39}.KMDF Victim 7 Debug|Win32.Build.0 = Win8.1 Release|Win32
		{8D9ADAE7-A694-4F08-A33F-B40E7C214A39}.KMDF Victim 7 Debug|Win32.Deploy.0 = Win8.1 Release|Win32
		{8D9ADAE7-A694-4F08-A33F-B40E7C214A39}.KMDF Victim 7 Debug|x64.ActiveCfg = Win8.1 Release|x64
		{8D9ADAE7-A694-4F08-A33F-B40E7C214A39}.KMDF Victim 7 Debug|x64.Build.0 = Win8.1 Release|x64
		{8D9ADAE7-A694-4F08-A33F-B40E7C214A39}.KMDF Victim 7 Debug|x64.Deploy.0 = Win8.1 Release|x64
		{8D9ADAE7-A694-4F08-A33F-B40E7C214A39}.Release_sneezy|Win32.ActiveCfg = Win8.1 Release|Win32
		{8D9ADAE7-A694-4F08-A33F-B40E7C214A39}.Release_sneezy|Win32.Build.0 = Win8.1 Release|Win32
		{8D9ADAE7-A694-4F08-A33F-B40E7C214A39}.Release_sneezy|Win32.Deploy.0 = Win8.1 Release|Win32
		{8D9ADAE7-A694-4F08-A33F-B40E7C214A39}.Release_sneezy|x64.ActiveCfg = Win8.1 Release|x64
		{8D9ADAE7-A694-4F08-A33F-B40E7C214A39}.Release_sneezy|x64.Build.0 = Win8.1 Release|x64
		{8D9ADAE7-A694-4F08-A33F-B40E7C214A39}.Release_sneezy|x64.Deploy.0 = Win8.1 Release|x64
		{8D9ADAE7-A694-4F08-A33F-B40E7C214A39}.Release|Win32.ActiveCfg = Win8.1 Release|Win32
		{8D9ADAE7-A694-4F08-A33F-B40E7C214A39}.Release|Win32.Build.0 = Win8.1 Release|Win32
		{8D9ADAE7-A694-4F08-A33F-B40E7C214A39}.Release|Win32.Deploy.0 = Win8.1 Release|Win32
		{8D9ADAE7-A694-4F08-A33F-B40E7C214A39}.Release|x64.ActiveCfg = Win8.1 Release|x64
		{8D9ADAE7-A694-4F08-A33F-B40E7C214A39}.Release|x64.Build.0 = Win8.1 Release|x64
		{8D9ADAE7-A694-4F08-A33F-B40E7C214A39}.Release|x64.Deploy.0 = Win8.1 Release|x64
		{8D9ADAE7-A694-4F08-A33F-B40E7C214A39}.Victim 7 Debug KMDF|Win32.ActiveCfg = Win8.1 Release|Win32
		{8D9ADAE7-A694-4F08-A33F-B40E7C214A39}.Victim 7 Debug KMDF|Win32.Build.0 = Win8.1 Release|Win32
		{8D9ADAE7-A694-4F08-A33F-B40E7C214A39}.Victim 7 Debug KMDF|Win32.Deploy.0 = Win8.1 Release|Win32
		{8D9ADAE7-A694-4F08-A33F-B40E7C214A39}.Victim 7 Debug KMDF|x64.ActiveCfg = Win8.1 Release|x64
		{8D9ADAE7-A694-4F08-A33F-B40E7C214A39}.Victim 7 Debug KMDF|x64.Build.0 = Win8.1 Release|x64
		{8D9ADAE7-A694-4F08-A33F-B40E7C214A39}.Victim 7 Debug KMDF|x64.Deploy.0 = Win8.1 Release|x64
		{8D9ADAE7-A694-4F08-A33F-B40E7C214A39}.Victim 7 Debug|Win32.ActiveCfg = Win8.1 Release|Win32
		{8D9ADAE7-A694-4F08-A33F-B40E7C214A39}.Victim 7 Debug|Win32.Build.0 = Win8.1 Release|Win32
		{8D9ADAE7-A694-4F08-A33F-B40E7C214A39}.Victim 7 Debug|Win32.Deploy.0 = Win8.1 Release|Win32
		{8D9ADAE7-A694-4F08-A33F-B40E7C214A39}.Victim 7 Debug|x64.ActiveCfg = Win8.1 Release|x64
		{8D9ADAE7-A694-4F08-A33F-B40E7C214A39}.Victim 7 Debug|x64.Build.0 = Win8.1 Release|x64
		{8D9ADAE7-A694-4F08-A33F-B40E7C214A39}.Victim 7 Debug|x64.Deploy.0 = Win8.1 Release|x64
		{8D9ADAE7-A694-4F08-A33F-B40E7C214A39}.Victim7 Debug|Win32.ActiveCfg = Win8.1 Release|Win32
		{8D9ADAE7-A694-4F08-A33F-B40E7C214A39}.Victim7 Debug|Win32.Build.0 = Win8.1 Release|Win32
		{8D9ADAE7-A694-4F08-A33F-B40E7C214A39}.Victim7 Debug|Win32.Deploy.0 = Win8.1 Release|Win32
		{8D9ADAE7-A694-4F08-A33F-B40E7C214A39}.Victim7 Debug|x64.ActiveCfg = Win8.1 Release|x64
		{8D9ADAE7-A694-4F08-A33F-B40E7C214A39}.Victim7 Debug|x64.Build.0 = Win8.1 Release|x64
		{8D9ADAE7-A694-4F08-A33F-B40E7C214A39}.Victim7 Debug|x64.Deploy.0 = Win8.1 Release|x64
		{8D9ADAE7-A694-4F08-A33F-B40E7C214A39}.Win7 Debug|Win32.ActiveCfg = Win7 Debug|Win32
		{8D9ADAE7-A694-4F08-A33F-B40E7C214A39}.Win7 Debug|Win32.Build.0 = Win7 Debug|Win32
		{8D9ADAE7-A694-4F08-A33F-B40E7C214A39}.Win7 Debug|Win32.Deploy.0 = Win7 Debug|Win32
		{8D9ADAE7-A694-4F08-A33F-B40E7C214A39}.Win7 Debug|x64.ActiveCfg = Win7 Debug|x64
		{8D9ADAE7-A694-4F08-A33F-B40E7C214A39}.Win7 Debug|x64.Build.0 = Win7 Debug|x64
		{8D9ADAE7-A694-4F08-A33F-B40E7C214A39}.Win7 Debug|x64.Deploy.0 = Win7 Debug|x64
		{8D9ADAE7-A694-4F08-A33F-B40E7C214A39}.Win7 Release|Win32.ActiveCfg = Win7 Release|Win32
		{8D9ADAE7-A694-4F08-A33F-B40E7C214A39}.Win7 Release|Win32.Build.0 = Win7 Release|Win32
		{8D9ADAE7-A694-4F08-A33F-B40E7C214A39}.Win7 Release|Win32.Deploy.0 = Win7 Release|Win32
		{8D9ADAE7-A694-4F08-A33F-B40E7C214A39}.Win7 Release|x64.ActiveCfg = Win7 Release|x64
		{8D9ADAE7-A694-4F08-A33F-B40E7C214A39}.Win7 Release|x64.Build.0 = Win7 Release|x64
		{8D9ADAE7-A694-4F08-A33F-B40E7C214A39}.Win7 Release|x64.Deploy.0 = Win7 Release|x64
		{8D9ADAE7-A694-4F08-A33F-B40E7C214A39}.Win8 Debug|Win32.ActiveCfg = Win8 Debug|Win32
		{8D9ADAE7-A694-4F08-A33F-B40E7C214A39}.Win8 Debug|Win32.Build.0 = Win8 Debug|Win32
		{8D9ADAE7-A694-4F08-A33F-B40E7C214A39}.Win8 Debug|Win32.Deploy.0 = Win8 Debug|Win32
		{8D9ADAE7-A694-4F08-A33F-B40E7C214A39}.Win8 Debug|x64.ActiveCfg = Win8 Debug|x64
		{8D9ADAE7-A694-4F08-A33F-B40E7C214A39}.Win8 Debug|x64.Build.0 = Win8 Debug|x64
		{8D9ADAE7-A694-4F08-A33F-B40E7C214A39}.Win8 Debug|x64.Deploy.0 = Win8 Debug|x64
		{8D9ADAE7-A694-4F08-A33F-B40E7C214A39}.Win8 Release|Win32.ActiveCfg = Win8 Release|Win32
		{8D9ADAE7-A694-4F08-A33F-B40E7C214A39}.Win8 Release|Win32.Build.0 = Win8 Release|Win32
		{8D9ADAE7-A694-4F08-A33F-B40E7C214A39}.Win8 Release|Win32.Deploy.0 = Win8 Release|Win32
		{8D9ADAE7-A694-4F08-A33F-B40E7C214A39}.Win8 Release|x64.ActiveCfg = Win8 Release|x64
		{8D9ADAE7-A694-4F08-A33F-B40E7C214A39}.Win8 Release|x64.Build.0 = Win8 Release|x64
		{8D9ADAE7-A694-4F08-A33F-B40E7C214A39}.Win8 Release|x64.Deploy.0 = Win8 Release|x64
		{8D9ADAE7-A694-4F08-A33F-B40E7C214A39}.Win8.1 Debug|Win32.ActiveCfg = Win8.1 Debug|Win32
		{8D9ADAE7-A694-4F08-A33F-B40E7C214A39}.Win8.1 Debug|Win32.Build.0 = Win8.1 Debug|Win32
		{8D9ADAE7-A694-4F08-A33F-B40E7C214A39}.Win8.1 Debug|Win32.Deploy.0 = Win8.1 Debug|Win32
		{8D9ADAE7-A694-4F08-A33F-B40E7C214A39}.Win8.1 Debug|x64.ActiveCfg = Win8.1 Debug|x64
		{8D9ADAE7-A694-4F08-A33F-B40E7C214A39}.Win8.1 Debug|x64.Build.0 = Win8.1 Debug|x64
		{8D9ADAE7-A694-4F08-A33F-B40E7C214A39}.Win8.1 Debug|x64.Deploy.0 = Win8.1 Debug|x64
		{8D9ADAE7-A694-4F08-A33F-B40E7C214A39}.Win8.1 Release|Win32.ActiveCfg = Win8.1 Release|Win32
		{8D9ADAE7-A694-4F08-A33F-B40E7C214A39}.Win8.1 Release|Win32.Build.0 = Win8.1 Release|Win32
		{8D9ADAE7-A694-4F08-A33F-B40E7C214A39}.Win8.1 Release|Win32.Deploy.0 = Win8.1 Release|Win32
		{8D9ADAE7-A694-4F08-A33F-B40E7C214A39}.Win8.1 Release|x64.ActiveCfg = Win8.1 Release|x64
		{8D9ADAE7-A694-4F08-A33F-B40E7C214A39}.Win8.1 Release|x64.Build.0 = Win8.1 Release|x64
		{8D9ADAE7-A694-4F08-A33F-B40E7C214A39}.Win8.1 Release|x64.Deploy.0 = Win8.1 Release|x64
		{C5080727-D6CB-4A4C-B853-D796A35C10A1}.Debug|Win32.ActiveCfg = Debug|Win32
		{C5080727-D6CB-4A4C-B853-D796A35C10A1}.Debug|Win32.Build.0 = Debug|Win32
		{C5080727-D6CB-4A4C-B853-D796A35C10A1}.Debug|Win32.Deploy.0 = Debug|Win32
		{C5080727-D6CB-4A4C-B853-D796A35C10A1}.Debug|x64.ActiveCfg = Debug|Win32
		{C5080727-D6CB-4A4C-B853-D796A35C10A1}.KMDF Victim 7 Debug|Win32.ActiveCfg = Debug|Win32
		{C5080727-D6CB-4A4C-B853-D796A35C10A1}.KMDF Victim 7 Debug|Win32.Build.0 = Debug|Win32
		{C5080727-D6CB-4A4C-B853-D796A35C10A1}.KMDF Victim 7 Debug|Win32.Deploy.0 = Debug|Win32
		{C5080727-D6CB-4A4C-B853-D796A35C10A1}.KMDF Victim 7 Debug|x64.ActiveCfg = Debug|Win32
		{C5080727-D6CB-4A4C-B853-D796A35C10A1}.Release_sneezy|Win32.ActiveCfg = Release|Win32
		{C5080727-D6CB-4A4C-B853-D796A35C10A1}.Release_sneezy|Win32.Build.0 = Release|Win32
		{C5080727-D6CB-4A4C-B853-D796A35C10A1}.Release_sneezy|Win32.Deploy.0 = Release|Win32
		{C5080727-D6CB-4A4C-B853-D796A35C10A1}.Release_sneezy|x64.ActiveCfg = Release|Win32
		{C5080727-D6CB-4A4C-B853-D796A35C10A1}.Release|Win32.ActiveCfg = Release|Win32
		{C5080727-D6CB-4A4C-B853-D796A35C10A1}.Release|Win32.Build.0 = Release|Win32
		{C5080727-D6CB-4A4C-B853-D796A35C10A1}.Release|Win32.Deploy.0 = Release|Win32
		{C5080727-D6CB-4A4C-B853-D796A35C10A1}.Release|x64.ActiveCfg = Release|Win32
		{C5080727-D6CB-4A4C-B853-D796A35C10A1}.Victim 7 Debug KMDF|Win32.ActiveCfg = Debug|Win32
		{C5080727-D6CB-4A4C-B853-D796A35C10A1}.Victim 7 Debug KMDF|Win32.Build.0 = Debug|Win32
		{C5080727-D6CB-4A4C-B853-D796A35C10A1}.Victim 7 Debug KMDF|Win32.Deploy.0 = Debug|Win32
		{C5080727-D6CB-4A4C-B853-D796A35C10A1}.Victim 7 Debug KMDF|x64.ActiveCfg = Debug|Win32
		{C5080727-D6CB-4A4C-B853-D796A35C10A1}.Victim 7 Debug|Win32.ActiveCfg = Debug|Win32
		{C5080727-D6CB-4A4C-B853-D796A35C10A1}.Victim 7 Debug|Win32.Build.0 = Debug|Win32
		{C5080727-D6CB-4A4C-B853-D796A35C10A1}.Victim 7 Debug|Win32.Deploy.0 = Debug|Win32
		{C5080727-D6CB-4A4C-B853-D796A35C10A1}.Victim 7 Debug|x64.ActiveCfg = Debug|Win32
		{C5080727-D6CB-4A4C-B853-D796A35C10A1}.Victim7 Debug|Win32.ActiveCfg = Debug|Win32
		{C5080727-D6CB-4A4C-B853-D796A35C10A1}.Victim7 Debug|Win32.Build.0 = Debug|Win32
		{C5080727-D6CB-4A4C-B853-D796A35C10A1}.Victim7 Debug|Win32.Deploy.0 = Debug|Win32
		{C5080727-D6CB-4A4C-B853-D796A35C10A1}.Victim7 Debug|x64.ActiveCfg = Debug|Win32
		{C5080727-D6CB-4A4C-B853-D796A35C10A1}.Win7 Debug|Win32.ActiveCfg = Debug|Win32
		{C5080727-D6CB-4A4C-B853-D796A35C10A1}.Win7 Debug|Win32.Build.0 = Debug|Win32
		{C5080727-D6CB-4A4C-B853-D796A35C10A1}.Win7 Debug|Win32.Deploy.0 = Debug|Win32
		{C5080727-D6CB-4A4C-B853-D796A35C10A1}.Win7 Debug|x64.ActiveCfg = Debug|Win32
		{C5080727-D6CB-4A4C-B853-D796A35C10A1}.Win7 Release|Win32.ActiveCfg = Release|Win32
		{C5080727-D6CB-4A4C-B853-D796A35C10A1}.Win7 Release|Win32.Build.0 = Release|Win32
		{C5080727-D6CB-4A4C-B853-D796A35C10A1}.Win7 Release|Win32.Deploy.0 = Release|Win32
		{C5080727-D6CB-4A4C-B853-D796A35C10A1}.Win7 Release|x64.ActiveCfg = Release|Win32
		{C5080727-D6CB-4A4C-B853-D796A35C10A1}.Win8 Debug|Win32.ActiveCfg = Debug|Win32
		{C5080727-D6CB-4A4C-B853-D796A35C10A1}.Win8 Debug|Win32.Build.0 = Debug|Win32
		{C5080727-D6CB-4A4C-B853-D796A35C10A1}.Win8 Debug|Win32.Deploy.0 = Debug|Win32
		{C5080727-D6CB-4A4C-B853-D796A35C10A1}.Win8 Debug|x64.ActiveCfg = Debug|Win32
		{C5080727-D6CB-4A4C-B853-D796A35C10A1}.Win8 Release|Win32.ActiveCfg = Release|Win32
		{C5080727-D6CB-4A4C-B853-D796A35C10A1}.Win8 Release|Win32.Build.0 = Release|Win32
		{C5080727-D6CB-4A4C-B853-D796A35C10A1}.Win8 Release|Win32.Deploy.0 = Release|Win32
		{C5080727-D6CB-4A4C-B853-D796A35C10A1}.Win8 Release|x64.ActiveCfg = Release|Win32
		{C5080727-D6CB-4A4C-B853-D796A35C10A1}.Win8.1 Debug|Win32.ActiveCfg = Debug|Win32
		{C5080727-D6CB-4A4C-B853-D796A35C10A1}.Win8.1 Debug|Win32.Build.0 = Debug|Win32
		{C5080727-D6CB-4A4C-B853-D796A35C10A1}.Win8.1 Debug|Win32.Deploy.0 = Debug|Win32
		{C5080727-D6CB-4A4C-B853-D796A35C10A1}.Win8.1 Debug|x64.ActiveCfg = Debug|Win32
		{C5080727-D6CB-4A4C-B853-D796A35C10A1}.Win8.1 Release|Win32.ActiveCfg = Release|Win32
		{C5080727-D6CB-4A4C-B853-D796A35C10A1}.Win8.1 Release|Win32.Build.0 = Release|Win32
		{C5080727-D6CB-4A4C-B853-D796A35C10A1}.Win8.1 Release|Win32.Deploy.0 = Release|Win32
		{C5080727-D6CB-4A4C-B853-D796A35C10A1}.Win8.1 Release|x64.ActiveCfg = Release|Win32
	EndGlobalSection
	GlobalSection(SolutionProperties) = preSolution
		HideSolutionNode = FALSE
	EndGlobalSection
EndGlobal
